{
  "version": 4,
  "terraform_version": "1.1.9",
  "serial": 79,
  "lineage": "68949542-4b17-97d5-a2f6-553eb84a3388",
  "outputs": {
    "consul_inventory": {
      "value": "[consul_prod]\nconsul-prod-0 ansible_host=192.168.1.248\nconsul-prod-1 ansible_host=192.168.1.247\nconsul-prod-2 ansible_host=192.168.1.246\n",
      "type": "string"
    },
    "glusterfs_inventory": {
      "value": "[glusterfs_prod]\nglusterfs-prod-0 ansible_host=192.168.1.230\nglusterfs-prod-1 ansible_host=192.168.1.229\nglusterfs-prod-2 ansible_host=192.168.1.228\n",
      "type": "string"
    },
    "nomad_inventory": {
      "value": "[nomad_prod]\nnomad-prod-0 ansible_host=192.168.1.245\nnomad-prod-1 ansible_host=192.168.1.244\nnomad-prod-2 ansible_host=192.168.1.243\n",
      "type": "string"
    },
    "vault_inventory": {
      "value": "[vault_prod]\nvault-prod-0 ansible_host=192.168.1.220\nvault-prod-1 ansible_host=192.168.1.219\nvault-prod-2 ansible_host=192.168.1.218\n",
      "type": "string"
    }
  },
  "resources": [
    {
      "mode": "managed",
      "type": "local_file",
      "name": "consul-inventory",
      "provider": "provider[\"registry.terraform.io/hashicorp/local\"]",
      "instances": [
        {
          "schema_version": 0,
          "attributes": {
            "content": "[consul_prod]\nconsul-prod-0 ansible_host=192.168.1.248\nconsul-prod-1 ansible_host=192.168.1.247\nconsul-prod-2 ansible_host=192.168.1.246\n",
            "content_base64": null,
            "directory_permission": "0777",
            "file_permission": "0777",
            "filename": "../../ansible/inventory/consul-inventory.cfg",
            "id": "ff8ed547690419ec007fe9cbd1715d765cdf0ec8",
            "sensitive_content": null,
            "source": null
          },
          "sensitive_attributes": [],
          "private": "bnVsbA==",
          "dependencies": [
            "module.consul.data.vsphere_compute_cluster.compute_cluster",
            "module.consul.data.vsphere_datacenter.dc",
            "module.consul.data.vsphere_datastore.ds",
            "module.consul.data.vsphere_network.network",
            "module.consul.data.vsphere_virtual_machine.template",
            "module.consul.vsphere_virtual_machine.consul"
          ]
        }
      ]
    },
    {
      "mode": "managed",
      "type": "local_file",
      "name": "glusterfs-inventory",
      "provider": "provider[\"registry.terraform.io/hashicorp/local\"]",
      "instances": [
        {
          "schema_version": 0,
          "attributes": {
            "content": "[glusterfs_prod]\nglusterfs-prod-0 ansible_host=192.168.1.230\nglusterfs-prod-1 ansible_host=192.168.1.229\nglusterfs-prod-2 ansible_host=192.168.1.228\n",
            "content_base64": null,
            "directory_permission": "0777",
            "file_permission": "0777",
            "filename": "../../ansible/inventory/glusterfs-inventory.cfg",
            "id": "dc11a3bd144d0894e46d04fb70854b2c8860e06f",
            "sensitive_content": null,
            "source": null
          },
          "sensitive_attributes": [],
          "private": "bnVsbA==",
          "dependencies": [
            "module.glusterfs.data.vsphere_compute_cluster.compute_cluster",
            "module.glusterfs.data.vsphere_datacenter.dc",
            "module.glusterfs.data.vsphere_datastore.ds",
            "module.glusterfs.data.vsphere_network.network",
            "module.glusterfs.data.vsphere_virtual_machine.template",
            "module.glusterfs.vsphere_virtual_machine.glusterfs"
          ]
        }
      ]
    },
    {
      "mode": "managed",
      "type": "local_file",
      "name": "nomad-inventory",
      "provider": "provider[\"registry.terraform.io/hashicorp/local\"]",
      "instances": [
        {
          "schema_version": 0,
          "attributes": {
            "content": "[nomad_prod]\nnomad-prod-0 ansible_host=192.168.1.245\nnomad-prod-1 ansible_host=192.168.1.244\nnomad-prod-2 ansible_host=192.168.1.243\n",
            "content_base64": null,
            "directory_permission": "0777",
            "file_permission": "0777",
            "filename": "../../ansible/inventory/nomad-inventory.cfg",
            "id": "2f2a51f7c6ae111f58b163e47e5b668085214c35",
            "sensitive_content": null,
            "source": null
          },
          "sensitive_attributes": [],
          "private": "bnVsbA==",
          "dependencies": [
            "module.nomad.data.vsphere_compute_cluster.compute_cluster",
            "module.nomad.data.vsphere_datastore.ds",
            "module.nomad.data.vsphere_network.network",
            "module.nomad.data.vsphere_virtual_machine.template",
            "module.nomad.vsphere_virtual_machine.nomad"
          ]
        }
      ]
    },
    {
      "mode": "managed",
      "type": "local_file",
      "name": "vault-inventory",
      "provider": "provider[\"registry.terraform.io/hashicorp/local\"]",
      "instances": [
        {
          "schema_version": 0,
          "attributes": {
            "content": "[vault_prod]\nvault-prod-0 ansible_host=192.168.1.220\nvault-prod-1 ansible_host=192.168.1.219\nvault-prod-2 ansible_host=192.168.1.218\n",
            "content_base64": null,
            "directory_permission": "0777",
            "file_permission": "0777",
            "filename": "../../ansible/inventory/vault-inventory.cfg",
            "id": "8af4a0288f0295b25c92f06f38bb4c4ed90c17fd",
            "sensitive_content": null,
            "source": null
          },
          "sensitive_attributes": [],
          "private": "bnVsbA==",
          "dependencies": [
            "module.vault.data.vsphere_compute_cluster.compute_cluster",
            "module.vault.data.vsphere_datacenter.dc",
            "module.vault.data.vsphere_datastore.ds",
            "module.vault.data.vsphere_network.network",
            "module.vault.data.vsphere_virtual_machine.template",
            "module.vault.vsphere_virtual_machine.vault"
          ]
        }
      ]
    },
    {
      "mode": "managed",
      "type": "null_resource",
      "name": "post-nomad",
      "provider": "provider[\"registry.terraform.io/hashicorp/null\"]",
      "instances": [
        {
          "schema_version": 0,
          "attributes": {
            "id": "2722440509665390168",
            "triggers": null
          },
          "sensitive_attributes": [],
          "private": "bnVsbA==",
          "dependencies": [
            "module.nomad.data.vsphere_compute_cluster.compute_cluster",
            "module.nomad.data.vsphere_datacenter.dc",
            "module.nomad.data.vsphere_datastore.ds",
            "module.nomad.data.vsphere_network.network",
            "module.nomad.data.vsphere_virtual_machine.template",
            "module.nomad.vsphere_virtual_machine.nomad"
          ]
        }
      ]
    },
    {
      "module": "module.consul",
      "mode": "data",
      "type": "vsphere_compute_cluster",
      "name": "compute_cluster",
      "provider": "provider[\"registry.terraform.io/hashicorp/vsphere\"]",
      "instances": [
        {
          "schema_version": 0,
          "attributes": {
            "datacenter_id": "datacenter-3",
            "id": "domain-c8",
            "name": "main",
            "resource_pool_id": "resgroup-9"
          },
          "sensitive_attributes": []
        }
      ]
    },
    {
      "module": "module.consul",
      "mode": "data",
      "type": "vsphere_datacenter",
      "name": "dc",
      "provider": "provider[\"registry.terraform.io/hashicorp/vsphere\"]",
      "instances": [
        {
          "schema_version": 0,
          "attributes": {
            "id": "datacenter-3",
            "name": "homelab"
          },
          "sensitive_attributes": []
        }
      ]
    },
    {
      "module": "module.consul",
      "mode": "data",
      "type": "vsphere_datastore",
      "name": "ds",
      "provider": "provider[\"registry.terraform.io/hashicorp/vsphere\"]",
      "instances": [
        {
          "schema_version": 0,
          "attributes": {
            "datacenter_id": "datacenter-3",
            "id": "datastore-20",
            "name": "SDS2"
          },
          "sensitive_attributes": []
        }
      ]
    },
    {
      "module": "module.consul",
      "mode": "data",
      "type": "vsphere_network",
      "name": "network",
      "provider": "provider[\"registry.terraform.io/hashicorp/vsphere\"]",
      "instances": [
        {
          "schema_version": 0,
          "attributes": {
            "datacenter_id": "datacenter-3",
            "distributed_virtual_switch_uuid": null,
            "id": "network-27",
            "name": "VM Network",
            "type": "Network"
          },
          "sensitive_attributes": []
        }
      ]
    },
    {
      "module": "module.consul",
      "mode": "data",
      "type": "vsphere_virtual_machine",
      "name": "template",
      "provider": "provider[\"registry.terraform.io/hashicorp/vsphere\"]",
      "instances": [
        {
          "schema_version": 0,
          "attributes": {
            "alternate_guest_name": "",
            "annotation": "",
            "boot_delay": 0,
            "boot_retry_delay": 10000,
            "boot_retry_enabled": false,
            "change_version": "2022-03-24T12:57:07.679422Z",
            "cpu_hot_add_enabled": false,
            "cpu_hot_remove_enabled": false,
            "cpu_limit": -1,
            "cpu_performance_counters_enabled": false,
            "cpu_reservation": 0,
            "cpu_share_count": 2000,
            "cpu_share_level": "normal",
            "datacenter_id": "datacenter-3",
            "default_ip_address": null,
            "disks": [
              {
                "eagerly_scrub": false,
                "label": "Hard disk 1",
                "size": 8,
                "thin_provisioned": true,
                "unit_number": 0
              }
            ],
            "efi_secure_boot_enabled": false,
            "enable_disk_uuid": false,
            "enable_logging": true,
            "ept_rvi_mode": "automatic",
            "extra_config": {},
            "firmware": "bios",
            "guest_id": "ubuntu64Guest",
            "guest_ip_addresses": [],
            "hardware_version": 19,
            "hv_mode": "hvAuto",
            "id": "42143dc7-6f7f-d3c4-6646-433672e25233",
            "ide_controller_scan_count": 2,
            "latency_sensitivity": "normal",
            "memory": 2048,
            "memory_hot_add_enabled": false,
            "memory_limit": -1,
            "memory_reservation": 0,
            "memory_share_count": 20480,
            "memory_share_level": "normal",
            "name": "consul-base",
            "nested_hv_enabled": false,
            "network_interface_types": [
              "vmxnet3"
            ],
            "network_interfaces": [
              {
                "adapter_type": "vmxnet3",
                "bandwidth_limit": -1,
                "bandwidth_reservation": 0,
                "bandwidth_share_count": 50,
                "bandwidth_share_level": "normal",
                "mac_address": "00:50:56:94:18:db",
                "network_id": "network-27"
              }
            ],
            "num_cores_per_socket": 1,
            "num_cpus": 2,
            "replace_trigger": null,
            "run_tools_scripts_after_power_on": true,
            "run_tools_scripts_after_resume": true,
            "run_tools_scripts_before_guest_reboot": false,
            "run_tools_scripts_before_guest_shutdown": true,
            "run_tools_scripts_before_guest_standby": true,
            "sata_controller_scan_count": 0,
            "scsi_bus_sharing": "noSharing",
            "scsi_controller_scan_count": 1,
            "scsi_type": "lsilogic",
            "storage_policy_id": null,
            "swap_placement_policy": "inherit",
            "sync_time_with_host": true,
            "sync_time_with_host_periodically": false,
            "tools_upgrade_policy": "manual",
            "uuid": "42143dc7-6f7f-d3c4-6646-433672e25233",
            "vapp": null,
            "vapp_transport": [],
            "vbs_enabled": false,
            "vvtd_enabled": false
          },
          "sensitive_attributes": []
        }
      ]
    },
    {
      "module": "module.consul",
      "mode": "managed",
      "type": "vsphere_virtual_machine",
      "name": "consul",
      "provider": "provider[\"registry.terraform.io/hashicorp/vsphere\"]",
      "instances": [
        {
          "index_key": 0,
          "schema_version": 3,
          "attributes": {
            "alternate_guest_name": "",
            "annotation": "",
            "boot_delay": 0,
            "boot_retry_delay": 10000,
            "boot_retry_enabled": false,
            "cdrom": [],
            "change_version": "2022-04-26T07:52:33.45149Z",
            "clone": [
              {
                "customize": [
                  {
                    "dns_server_list": [],
                    "dns_suffix_list": [],
                    "ipv4_gateway": "192.168.1.254",
                    "ipv6_gateway": "",
                    "linux_options": [
                      {
                        "domain": "lucasquitman.fr",
                        "host_name": "consul-prod-0",
                        "hw_clock_utc": true,
                        "time_zone": ""
                      }
                    ],
                    "network_interface": [
                      {
                        "dns_domain": "",
                        "dns_server_list": [],
                        "ipv4_address": "192.168.1.248",
                        "ipv4_netmask": 24,
                        "ipv6_address": "",
                        "ipv6_netmask": 0
                      }
                    ],
                    "timeout": 10,
                    "windows_options": [],
                    "windows_sysprep_text": ""
                  }
                ],
                "linked_clone": false,
                "ovf_network_map": {},
                "ovf_storage_map": {},
                "template_uuid": "42143dc7-6f7f-d3c4-6646-433672e25233",
                "timeout": 30
              }
            ],
            "cpu_hot_add_enabled": false,
            "cpu_hot_remove_enabled": false,
            "cpu_limit": -1,
            "cpu_performance_counters_enabled": false,
            "cpu_reservation": 0,
            "cpu_share_count": 2000,
            "cpu_share_level": "normal",
            "custom_attributes": {},
            "datacenter_id": null,
            "datastore_cluster_id": null,
            "datastore_id": "datastore-20",
            "default_ip_address": "192.168.1.248",
            "disk": [
              {
                "attach": false,
                "controller_type": "scsi",
                "datastore_id": "datastore-20",
                "device_address": "scsi:0:0",
                "disk_mode": "persistent",
                "disk_sharing": "sharingNone",
                "eagerly_scrub": false,
                "io_limit": -1,
                "io_reservation": 0,
                "io_share_count": 1000,
                "io_share_level": "normal",
                "keep_on_remove": false,
                "key": 2000,
                "label": "disk0",
                "path": "consul-prod-0/consul-prod-0.vmdk",
                "size": 8,
                "storage_policy_id": "",
                "thin_provisioned": true,
                "unit_number": 0,
                "uuid": "6000C29a-574f-f6d5-78c3-d5f53750ac42",
                "write_through": false
              }
            ],
            "efi_secure_boot_enabled": false,
            "enable_disk_uuid": false,
            "enable_logging": false,
            "ept_rvi_mode": "automatic",
            "extra_config": {},
            "firmware": "bios",
            "folder": "",
            "force_power_off": true,
            "guest_id": "ubuntu64Guest",
            "guest_ip_addresses": [
              "192.168.1.248",
              "fd68:1324:4fa7:7700:250:56ff:fe94:f4f7",
              "fe80::250:56ff:fe94:f4f7"
            ],
            "hardware_version": 19,
            "host_system_id": "host-17",
            "hv_mode": "hvAuto",
            "id": "421451c3-f4e4-3656-1116-394d77904e4f",
            "ide_controller_count": 2,
            "ignored_guest_ips": null,
            "imported": null,
            "latency_sensitivity": "normal",
            "memory": 2048,
            "memory_hot_add_enabled": false,
            "memory_limit": -1,
            "memory_reservation": 0,
            "memory_share_count": 20480,
            "memory_share_level": "normal",
            "migrate_wait_timeout": 30,
            "moid": "vm-3016",
            "name": "consul-prod-0",
            "nested_hv_enabled": false,
            "network_interface": [
              {
                "adapter_type": "vmxnet3",
                "bandwidth_limit": -1,
                "bandwidth_reservation": 0,
                "bandwidth_share_count": 50,
                "bandwidth_share_level": "normal",
                "device_address": "pci:0:7",
                "key": 4000,
                "mac_address": "00:50:56:94:f4:f7",
                "network_id": "network-27",
                "ovf_mapping": "",
                "use_static_mac": false
              }
            ],
            "num_cores_per_socket": 1,
            "num_cpus": 2,
            "ovf_deploy": [],
            "pci_device_id": [],
            "power_state": "on",
            "poweron_timeout": 300,
            "reboot_required": false,
            "replace_trigger": null,
            "resource_pool_id": "resgroup-9",
            "run_tools_scripts_after_power_on": true,
            "run_tools_scripts_after_resume": true,
            "run_tools_scripts_before_guest_reboot": false,
            "run_tools_scripts_before_guest_shutdown": true,
            "run_tools_scripts_before_guest_standby": true,
            "sata_controller_count": 0,
            "scsi_bus_sharing": "noSharing",
            "scsi_controller_count": 1,
            "scsi_type": "lsilogic",
            "shutdown_wait_timeout": 3,
            "storage_policy_id": "",
            "swap_placement_policy": "inherit",
            "sync_time_with_host": false,
            "sync_time_with_host_periodically": false,
            "tags": [],
            "tools_upgrade_policy": "manual",
            "uuid": "421451c3-f4e4-3656-1116-394d77904e4f",
            "vapp": [],
            "vapp_transport": [],
            "vbs_enabled": false,
            "vmware_tools_status": "guestToolsRunning",
            "vmx_path": "consul-prod-0/consul-prod-0.vmx",
            "vvtd_enabled": false,
            "wait_for_guest_ip_timeout": 0,
            "wait_for_guest_net_routable": true,
            "wait_for_guest_net_timeout": 5
          },
          "sensitive_attributes": [],
          "private": "eyJzY2hlbWFfdmVyc2lvbiI6IjMifQ==",
          "dependencies": [
            "module.consul.data.vsphere_compute_cluster.compute_cluster",
            "module.consul.data.vsphere_datacenter.dc",
            "module.consul.data.vsphere_datastore.ds",
            "module.consul.data.vsphere_network.network",
            "module.consul.data.vsphere_virtual_machine.template"
          ]
        },
        {
          "index_key": 1,
          "schema_version": 3,
          "attributes": {
            "alternate_guest_name": "",
            "annotation": "",
            "boot_delay": 0,
            "boot_retry_delay": 10000,
            "boot_retry_enabled": false,
            "cdrom": [],
            "change_version": "2022-04-26T07:31:24.841908Z",
            "clone": [
              {
                "customize": [
                  {
                    "dns_server_list": [],
                    "dns_suffix_list": [],
                    "ipv4_gateway": "192.168.1.254",
                    "ipv6_gateway": "",
                    "linux_options": [
                      {
                        "domain": "lucasquitman.fr",
                        "host_name": "consul-prod-1",
                        "hw_clock_utc": true,
                        "time_zone": ""
                      }
                    ],
                    "network_interface": [
                      {
                        "dns_domain": "",
                        "dns_server_list": [],
                        "ipv4_address": "192.168.1.247",
                        "ipv4_netmask": 24,
                        "ipv6_address": "",
                        "ipv6_netmask": 0
                      }
                    ],
                    "timeout": 10,
                    "windows_options": [],
                    "windows_sysprep_text": ""
                  }
                ],
                "linked_clone": false,
                "ovf_network_map": {},
                "ovf_storage_map": {},
                "template_uuid": "42143dc7-6f7f-d3c4-6646-433672e25233",
                "timeout": 30
              }
            ],
            "cpu_hot_add_enabled": false,
            "cpu_hot_remove_enabled": false,
            "cpu_limit": -1,
            "cpu_performance_counters_enabled": false,
            "cpu_reservation": 0,
            "cpu_share_count": 2000,
            "cpu_share_level": "normal",
            "custom_attributes": {},
            "datacenter_id": null,
            "datastore_cluster_id": null,
            "datastore_id": "datastore-20",
            "default_ip_address": "192.168.1.247",
            "disk": [
              {
                "attach": false,
                "controller_type": "scsi",
                "datastore_id": "datastore-20",
                "device_address": "scsi:0:0",
                "disk_mode": "persistent",
                "disk_sharing": "sharingNone",
                "eagerly_scrub": false,
                "io_limit": -1,
                "io_reservation": 0,
                "io_share_count": 1000,
                "io_share_level": "normal",
                "keep_on_remove": false,
                "key": 2000,
                "label": "disk0",
                "path": "consul-prod-1/consul-prod-1.vmdk",
                "size": 8,
                "storage_policy_id": "",
                "thin_provisioned": true,
                "unit_number": 0,
                "uuid": "6000C294-a076-028b-55e2-4d4d82c4e91b",
                "write_through": false
              }
            ],
            "efi_secure_boot_enabled": false,
            "enable_disk_uuid": false,
            "enable_logging": false,
            "ept_rvi_mode": "automatic",
            "extra_config": {},
            "firmware": "bios",
            "folder": "",
            "force_power_off": true,
            "guest_id": "ubuntu64Guest",
            "guest_ip_addresses": [
              "192.168.1.247",
              "fd68:1324:4fa7:7700:250:56ff:fe94:ef66",
              "fe80::250:56ff:fe94:ef66"
            ],
            "hardware_version": 19,
            "host_system_id": "host-14",
            "hv_mode": "hvAuto",
            "id": "4214265d-68e8-2feb-5383-0949436e2264",
            "ide_controller_count": 2,
            "ignored_guest_ips": null,
            "imported": null,
            "latency_sensitivity": "normal",
            "memory": 2048,
            "memory_hot_add_enabled": false,
            "memory_limit": -1,
            "memory_reservation": 0,
            "memory_share_count": 20480,
            "memory_share_level": "normal",
            "migrate_wait_timeout": 30,
            "moid": "vm-3017",
            "name": "consul-prod-1",
            "nested_hv_enabled": false,
            "network_interface": [
              {
                "adapter_type": "vmxnet3",
                "bandwidth_limit": -1,
                "bandwidth_reservation": 0,
                "bandwidth_share_count": 50,
                "bandwidth_share_level": "normal",
                "device_address": "pci:0:7",
                "key": 4000,
                "mac_address": "00:50:56:94:ef:66",
                "network_id": "network-27",
                "ovf_mapping": "",
                "use_static_mac": false
              }
            ],
            "num_cores_per_socket": 1,
            "num_cpus": 2,
            "ovf_deploy": [],
            "pci_device_id": [],
            "power_state": "on",
            "poweron_timeout": 300,
            "reboot_required": false,
            "replace_trigger": null,
            "resource_pool_id": "resgroup-9",
            "run_tools_scripts_after_power_on": true,
            "run_tools_scripts_after_resume": true,
            "run_tools_scripts_before_guest_reboot": false,
            "run_tools_scripts_before_guest_shutdown": true,
            "run_tools_scripts_before_guest_standby": true,
            "sata_controller_count": 0,
            "scsi_bus_sharing": "noSharing",
            "scsi_controller_count": 1,
            "scsi_type": "lsilogic",
            "shutdown_wait_timeout": 3,
            "storage_policy_id": "",
            "swap_placement_policy": "inherit",
            "sync_time_with_host": false,
            "sync_time_with_host_periodically": false,
            "tags": [],
            "tools_upgrade_policy": "manual",
            "uuid": "4214265d-68e8-2feb-5383-0949436e2264",
            "vapp": [],
            "vapp_transport": [],
            "vbs_enabled": false,
            "vmware_tools_status": "guestToolsRunning",
            "vmx_path": "consul-prod-1/consul-prod-1.vmx",
            "vvtd_enabled": false,
            "wait_for_guest_ip_timeout": 0,
            "wait_for_guest_net_routable": true,
            "wait_for_guest_net_timeout": 5
          },
          "sensitive_attributes": [],
          "private": "eyJzY2hlbWFfdmVyc2lvbiI6IjMifQ==",
          "dependencies": [
            "module.consul.data.vsphere_compute_cluster.compute_cluster",
            "module.consul.data.vsphere_datacenter.dc",
            "module.consul.data.vsphere_datastore.ds",
            "module.consul.data.vsphere_network.network",
            "module.consul.data.vsphere_virtual_machine.template"
          ]
        },
        {
          "index_key": 2,
          "schema_version": 3,
          "attributes": {
            "alternate_guest_name": "",
            "annotation": "",
            "boot_delay": 0,
            "boot_retry_delay": 10000,
            "boot_retry_enabled": false,
            "cdrom": [],
            "change_version": "2022-04-26T07:32:48.478497Z",
            "clone": [
              {
                "customize": [
                  {
                    "dns_server_list": [],
                    "dns_suffix_list": [],
                    "ipv4_gateway": "192.168.1.254",
                    "ipv6_gateway": "",
                    "linux_options": [
                      {
                        "domain": "lucasquitman.fr",
                        "host_name": "consul-prod-2",
                        "hw_clock_utc": true,
                        "time_zone": ""
                      }
                    ],
                    "network_interface": [
                      {
                        "dns_domain": "",
                        "dns_server_list": [],
                        "ipv4_address": "192.168.1.246",
                        "ipv4_netmask": 24,
                        "ipv6_address": "",
                        "ipv6_netmask": 0
                      }
                    ],
                    "timeout": 10,
                    "windows_options": [],
                    "windows_sysprep_text": ""
                  }
                ],
                "linked_clone": false,
                "ovf_network_map": {},
                "ovf_storage_map": {},
                "template_uuid": "42143dc7-6f7f-d3c4-6646-433672e25233",
                "timeout": 30
              }
            ],
            "cpu_hot_add_enabled": false,
            "cpu_hot_remove_enabled": false,
            "cpu_limit": -1,
            "cpu_performance_counters_enabled": false,
            "cpu_reservation": 0,
            "cpu_share_count": 2000,
            "cpu_share_level": "normal",
            "custom_attributes": {},
            "datacenter_id": null,
            "datastore_cluster_id": null,
            "datastore_id": "datastore-20",
            "default_ip_address": "192.168.1.246",
            "disk": [
              {
                "attach": false,
                "controller_type": "scsi",
                "datastore_id": "datastore-20",
                "device_address": "scsi:0:0",
                "disk_mode": "persistent",
                "disk_sharing": "sharingNone",
                "eagerly_scrub": false,
                "io_limit": -1,
                "io_reservation": 0,
                "io_share_count": 1000,
                "io_share_level": "normal",
                "keep_on_remove": false,
                "key": 2000,
                "label": "disk0",
                "path": "consul-prod-2_1/consul-prod-2.vmdk",
                "size": 8,
                "storage_policy_id": "",
                "thin_provisioned": true,
                "unit_number": 0,
                "uuid": "6000C298-1c2b-c056-db59-54b03437bba1",
                "write_through": false
              }
            ],
            "efi_secure_boot_enabled": false,
            "enable_disk_uuid": false,
            "enable_logging": false,
            "ept_rvi_mode": "automatic",
            "extra_config": {},
            "firmware": "bios",
            "folder": "",
            "force_power_off": true,
            "guest_id": "ubuntu64Guest",
            "guest_ip_addresses": [
              "192.168.1.246",
              "fd68:1324:4fa7:7700:250:56ff:fe94:c8a8",
              "fe80::250:56ff:fe94:c8a8"
            ],
            "hardware_version": 19,
            "host_system_id": "host-17",
            "hv_mode": "hvAuto",
            "id": "42140309-f5b1-cddd-6a3f-03a29ef16de0",
            "ide_controller_count": 2,
            "ignored_guest_ips": null,
            "imported": null,
            "latency_sensitivity": "normal",
            "memory": 2048,
            "memory_hot_add_enabled": false,
            "memory_limit": -1,
            "memory_reservation": 0,
            "memory_share_count": 20480,
            "memory_share_level": "normal",
            "migrate_wait_timeout": 30,
            "moid": "vm-3015",
            "name": "consul-prod-2",
            "nested_hv_enabled": false,
            "network_interface": [
              {
                "adapter_type": "vmxnet3",
                "bandwidth_limit": -1,
                "bandwidth_reservation": 0,
                "bandwidth_share_count": 50,
                "bandwidth_share_level": "normal",
                "device_address": "pci:0:7",
                "key": 4000,
                "mac_address": "00:50:56:94:c8:a8",
                "network_id": "network-27",
                "ovf_mapping": "",
                "use_static_mac": false
              }
            ],
            "num_cores_per_socket": 1,
            "num_cpus": 2,
            "ovf_deploy": [],
            "pci_device_id": [],
            "power_state": "on",
            "poweron_timeout": 300,
            "reboot_required": false,
            "replace_trigger": null,
            "resource_pool_id": "resgroup-9",
            "run_tools_scripts_after_power_on": true,
            "run_tools_scripts_after_resume": true,
            "run_tools_scripts_before_guest_reboot": false,
            "run_tools_scripts_before_guest_shutdown": true,
            "run_tools_scripts_before_guest_standby": true,
            "sata_controller_count": 0,
            "scsi_bus_sharing": "noSharing",
            "scsi_controller_count": 1,
            "scsi_type": "lsilogic",
            "shutdown_wait_timeout": 3,
            "storage_policy_id": "",
            "swap_placement_policy": "inherit",
            "sync_time_with_host": false,
            "sync_time_with_host_periodically": false,
            "tags": [],
            "tools_upgrade_policy": "manual",
            "uuid": "42140309-f5b1-cddd-6a3f-03a29ef16de0",
            "vapp": [],
            "vapp_transport": [],
            "vbs_enabled": false,
            "vmware_tools_status": "guestToolsRunning",
            "vmx_path": "consul-prod-2_1/consul-prod-2.vmx",
            "vvtd_enabled": false,
            "wait_for_guest_ip_timeout": 0,
            "wait_for_guest_net_routable": true,
            "wait_for_guest_net_timeout": 5
          },
          "sensitive_attributes": [],
          "private": "eyJzY2hlbWFfdmVyc2lvbiI6IjMifQ==",
          "dependencies": [
            "module.consul.data.vsphere_compute_cluster.compute_cluster",
            "module.consul.data.vsphere_datacenter.dc",
            "module.consul.data.vsphere_datastore.ds",
            "module.consul.data.vsphere_network.network",
            "module.consul.data.vsphere_virtual_machine.template"
          ]
        }
      ]
    },
    {
      "module": "module.glusterfs",
      "mode": "data",
      "type": "vsphere_compute_cluster",
      "name": "compute_cluster",
      "provider": "provider[\"registry.terraform.io/hashicorp/vsphere\"]",
      "instances": [
        {
          "schema_version": 0,
          "attributes": {
            "datacenter_id": "datacenter-3",
            "id": "domain-c8",
            "name": "main",
            "resource_pool_id": "resgroup-9"
          },
          "sensitive_attributes": []
        }
      ]
    },
    {
      "module": "module.glusterfs",
      "mode": "data",
      "type": "vsphere_datacenter",
      "name": "dc",
      "provider": "provider[\"registry.terraform.io/hashicorp/vsphere\"]",
      "instances": [
        {
          "schema_version": 0,
          "attributes": {
            "id": "datacenter-3",
            "name": "homelab"
          },
          "sensitive_attributes": []
        }
      ]
    },
    {
      "module": "module.glusterfs",
      "mode": "data",
      "type": "vsphere_datastore",
      "name": "ds",
      "provider": "provider[\"registry.terraform.io/hashicorp/vsphere\"]",
      "instances": [
        {
          "schema_version": 0,
          "attributes": {
            "datacenter_id": "datacenter-3",
            "id": "datastore-20",
            "name": "SDS2"
          },
          "sensitive_attributes": []
        }
      ]
    },
    {
      "module": "module.glusterfs",
      "mode": "data",
      "type": "vsphere_network",
      "name": "network",
      "provider": "provider[\"registry.terraform.io/hashicorp/vsphere\"]",
      "instances": [
        {
          "schema_version": 0,
          "attributes": {
            "datacenter_id": "datacenter-3",
            "distributed_virtual_switch_uuid": null,
            "id": "network-27",
            "name": "VM Network",
            "type": "Network"
          },
          "sensitive_attributes": []
        }
      ]
    },
    {
      "module": "module.glusterfs",
      "mode": "data",
      "type": "vsphere_virtual_machine",
      "name": "template",
      "provider": "provider[\"registry.terraform.io/hashicorp/vsphere\"]",
      "instances": [
        {
          "schema_version": 0,
          "attributes": {
            "alternate_guest_name": "",
            "annotation": "",
            "boot_delay": 0,
            "boot_retry_delay": 10000,
            "boot_retry_enabled": false,
            "change_version": "2022-03-24T18:52:46.218336Z",
            "cpu_hot_add_enabled": false,
            "cpu_hot_remove_enabled": false,
            "cpu_limit": -1,
            "cpu_performance_counters_enabled": false,
            "cpu_reservation": 0,
            "cpu_share_count": 2000,
            "cpu_share_level": "normal",
            "datacenter_id": "datacenter-3",
            "default_ip_address": null,
            "disks": [
              {
                "eagerly_scrub": false,
                "label": "Hard disk 1",
                "size": 15,
                "thin_provisioned": true,
                "unit_number": 0
              }
            ],
            "efi_secure_boot_enabled": false,
            "enable_disk_uuid": false,
            "enable_logging": true,
            "ept_rvi_mode": "automatic",
            "extra_config": {},
            "firmware": "bios",
            "guest_id": "ubuntu64Guest",
            "guest_ip_addresses": [],
            "hardware_version": 19,
            "hv_mode": "hvAuto",
            "id": "4214941f-9d8f-21a6-c0aa-0f8c020f1474",
            "ide_controller_scan_count": 2,
            "latency_sensitivity": "normal",
            "memory": 2048,
            "memory_hot_add_enabled": false,
            "memory_limit": -1,
            "memory_reservation": 0,
            "memory_share_count": 20480,
            "memory_share_level": "normal",
            "name": "glusterfs-base",
            "nested_hv_enabled": false,
            "network_interface_types": [
              "vmxnet3"
            ],
            "network_interfaces": [
              {
                "adapter_type": "vmxnet3",
                "bandwidth_limit": -1,
                "bandwidth_reservation": 0,
                "bandwidth_share_count": 50,
                "bandwidth_share_level": "normal",
                "mac_address": "00:50:56:94:18:db",
                "network_id": "network-27"
              }
            ],
            "num_cores_per_socket": 1,
            "num_cpus": 2,
            "replace_trigger": null,
            "run_tools_scripts_after_power_on": true,
            "run_tools_scripts_after_resume": true,
            "run_tools_scripts_before_guest_reboot": false,
            "run_tools_scripts_before_guest_shutdown": true,
            "run_tools_scripts_before_guest_standby": true,
            "sata_controller_scan_count": 0,
            "scsi_bus_sharing": "noSharing",
            "scsi_controller_scan_count": 1,
            "scsi_type": "lsilogic",
            "storage_policy_id": null,
            "swap_placement_policy": "inherit",
            "sync_time_with_host": true,
            "sync_time_with_host_periodically": false,
            "tools_upgrade_policy": "manual",
            "uuid": "4214941f-9d8f-21a6-c0aa-0f8c020f1474",
            "vapp": null,
            "vapp_transport": [],
            "vbs_enabled": false,
            "vvtd_enabled": false
          },
          "sensitive_attributes": []
        }
      ]
    },
    {
      "module": "module.glusterfs",
      "mode": "managed",
      "type": "vsphere_virtual_machine",
      "name": "glusterfs",
      "provider": "provider[\"registry.terraform.io/hashicorp/vsphere\"]",
      "instances": [
        {
          "index_key": 0,
          "schema_version": 3,
          "attributes": {
            "alternate_guest_name": "",
            "annotation": "",
            "boot_delay": 0,
            "boot_retry_delay": 10000,
            "boot_retry_enabled": false,
            "cdrom": [],
            "change_version": "2022-04-26T07:51:41.221161Z",
            "clone": [
              {
                "customize": [
                  {
                    "dns_server_list": [],
                    "dns_suffix_list": [],
                    "ipv4_gateway": "192.168.1.254",
                    "ipv6_gateway": "",
                    "linux_options": [
                      {
                        "domain": "lucasquitman.fr",
                        "host_name": "glusterfs-prod-0",
                        "hw_clock_utc": true,
                        "time_zone": ""
                      }
                    ],
                    "network_interface": [
                      {
                        "dns_domain": "",
                        "dns_server_list": [],
                        "ipv4_address": "192.168.1.230",
                        "ipv4_netmask": 24,
                        "ipv6_address": "",
                        "ipv6_netmask": 0
                      }
                    ],
                    "timeout": 10,
                    "windows_options": [],
                    "windows_sysprep_text": ""
                  }
                ],
                "linked_clone": false,
                "ovf_network_map": {},
                "ovf_storage_map": {},
                "template_uuid": "4214941f-9d8f-21a6-c0aa-0f8c020f1474",
                "timeout": 30
              }
            ],
            "cpu_hot_add_enabled": false,
            "cpu_hot_remove_enabled": false,
            "cpu_limit": -1,
            "cpu_performance_counters_enabled": false,
            "cpu_reservation": 0,
            "cpu_share_count": 2000,
            "cpu_share_level": "normal",
            "custom_attributes": {},
            "datacenter_id": null,
            "datastore_cluster_id": null,
            "datastore_id": "datastore-20",
            "default_ip_address": "192.168.1.230",
            "disk": [
              {
                "attach": false,
                "controller_type": "scsi",
                "datastore_id": "datastore-20",
                "device_address": "scsi:0:0",
                "disk_mode": "persistent",
                "disk_sharing": "sharingNone",
                "eagerly_scrub": false,
                "io_limit": -1,
                "io_reservation": 0,
                "io_share_count": 1000,
                "io_share_level": "normal",
                "keep_on_remove": false,
                "key": 2000,
                "label": "disk0",
                "path": "glusterfs-prod-0/glusterfs-prod-0.vmdk",
                "size": 15,
                "storage_policy_id": "",
                "thin_provisioned": true,
                "unit_number": 0,
                "uuid": "6000C29c-403a-555d-6163-679185363999",
                "write_through": false
              }
            ],
            "efi_secure_boot_enabled": false,
            "enable_disk_uuid": false,
            "enable_logging": false,
            "ept_rvi_mode": "automatic",
            "extra_config": {},
            "firmware": "bios",
            "folder": "",
            "force_power_off": true,
            "guest_id": "ubuntu64Guest",
            "guest_ip_addresses": [
              "192.168.1.230",
              "fd68:1324:4fa7:7700:250:56ff:fe94:42a1",
              "fe80::250:56ff:fe94:42a1"
            ],
            "hardware_version": 19,
            "host_system_id": "host-14",
            "hv_mode": "hvAuto",
            "id": "4214fac6-93ef-9bc4-1cd2-93e47e587cb2",
            "ide_controller_count": 2,
            "ignored_guest_ips": null,
            "imported": null,
            "latency_sensitivity": "normal",
            "memory": 2048,
            "memory_hot_add_enabled": false,
            "memory_limit": -1,
            "memory_reservation": 0,
            "memory_share_count": 20480,
            "memory_share_level": "normal",
            "migrate_wait_timeout": 30,
            "moid": "vm-3028",
            "name": "glusterfs-prod-0",
            "nested_hv_enabled": false,
            "network_interface": [
              {
                "adapter_type": "vmxnet3",
                "bandwidth_limit": -1,
                "bandwidth_reservation": 0,
                "bandwidth_share_count": 50,
                "bandwidth_share_level": "normal",
                "device_address": "pci:0:7",
                "key": 4000,
                "mac_address": "00:50:56:94:42:a1",
                "network_id": "network-27",
                "ovf_mapping": "",
                "use_static_mac": false
              }
            ],
            "num_cores_per_socket": 1,
            "num_cpus": 2,
            "ovf_deploy": [],
            "pci_device_id": [],
            "power_state": "on",
            "poweron_timeout": 300,
            "reboot_required": false,
            "replace_trigger": null,
            "resource_pool_id": "resgroup-9",
            "run_tools_scripts_after_power_on": true,
            "run_tools_scripts_after_resume": true,
            "run_tools_scripts_before_guest_reboot": false,
            "run_tools_scripts_before_guest_shutdown": true,
            "run_tools_scripts_before_guest_standby": true,
            "sata_controller_count": 0,
            "scsi_bus_sharing": "noSharing",
            "scsi_controller_count": 1,
            "scsi_type": "lsilogic",
            "shutdown_wait_timeout": 3,
            "storage_policy_id": "",
            "swap_placement_policy": "inherit",
            "sync_time_with_host": false,
            "sync_time_with_host_periodically": false,
            "tags": [],
            "tools_upgrade_policy": "manual",
            "uuid": "4214fac6-93ef-9bc4-1cd2-93e47e587cb2",
            "vapp": [],
            "vapp_transport": [],
            "vbs_enabled": false,
            "vmware_tools_status": "guestToolsRunning",
            "vmx_path": "glusterfs-prod-0/glusterfs-prod-0.vmx",
            "vvtd_enabled": false,
            "wait_for_guest_ip_timeout": 0,
            "wait_for_guest_net_routable": true,
            "wait_for_guest_net_timeout": 5
          },
          "sensitive_attributes": [],
          "private": "eyJzY2hlbWFfdmVyc2lvbiI6IjMifQ==",
          "dependencies": [
            "module.glusterfs.data.vsphere_compute_cluster.compute_cluster",
            "module.glusterfs.data.vsphere_datacenter.dc",
            "module.glusterfs.data.vsphere_datastore.ds",
            "module.glusterfs.data.vsphere_network.network",
            "module.glusterfs.data.vsphere_virtual_machine.template"
          ]
        },
        {
          "index_key": 1,
          "schema_version": 3,
          "attributes": {
            "alternate_guest_name": "",
            "annotation": "",
            "boot_delay": 0,
            "boot_retry_delay": 10000,
            "boot_retry_enabled": false,
            "cdrom": [],
            "change_version": "2022-04-26T07:32:48.478447Z",
            "clone": [
              {
                "customize": [
                  {
                    "dns_server_list": [],
                    "dns_suffix_list": [],
                    "ipv4_gateway": "192.168.1.254",
                    "ipv6_gateway": "",
                    "linux_options": [
                      {
                        "domain": "lucasquitman.fr",
                        "host_name": "glusterfs-prod-1",
                        "hw_clock_utc": true,
                        "time_zone": ""
                      }
                    ],
                    "network_interface": [
                      {
                        "dns_domain": "",
                        "dns_server_list": [],
                        "ipv4_address": "192.168.1.229",
                        "ipv4_netmask": 24,
                        "ipv6_address": "",
                        "ipv6_netmask": 0
                      }
                    ],
                    "timeout": 10,
                    "windows_options": [],
                    "windows_sysprep_text": ""
                  }
                ],
                "linked_clone": false,
                "ovf_network_map": {},
                "ovf_storage_map": {},
                "template_uuid": "4214941f-9d8f-21a6-c0aa-0f8c020f1474",
                "timeout": 30
              }
            ],
            "cpu_hot_add_enabled": false,
            "cpu_hot_remove_enabled": false,
            "cpu_limit": -1,
            "cpu_performance_counters_enabled": false,
            "cpu_reservation": 0,
            "cpu_share_count": 2000,
            "cpu_share_level": "normal",
            "custom_attributes": {},
            "datacenter_id": null,
            "datastore_cluster_id": null,
            "datastore_id": "datastore-20",
            "default_ip_address": "192.168.1.229",
            "disk": [
              {
                "attach": false,
                "controller_type": "scsi",
                "datastore_id": "datastore-20",
                "device_address": "scsi:0:0",
                "disk_mode": "persistent",
                "disk_sharing": "sharingNone",
                "eagerly_scrub": false,
                "io_limit": -1,
                "io_reservation": 0,
                "io_share_count": 1000,
                "io_share_level": "normal",
                "keep_on_remove": false,
                "key": 2000,
                "label": "disk0",
                "path": "glusterfs-prod-1_1/glusterfs-prod-1.vmdk",
                "size": 15,
                "storage_policy_id": "",
                "thin_provisioned": true,
                "unit_number": 0,
                "uuid": "6000C294-af27-c99a-8c1b-116accef906b",
                "write_through": false
              }
            ],
            "efi_secure_boot_enabled": false,
            "enable_disk_uuid": false,
            "enable_logging": false,
            "ept_rvi_mode": "automatic",
            "extra_config": {},
            "firmware": "bios",
            "folder": "",
            "force_power_off": true,
            "guest_id": "ubuntu64Guest",
            "guest_ip_addresses": [
              "192.168.1.229",
              "fd68:1324:4fa7:7700:250:56ff:fe94:8523",
              "fe80::250:56ff:fe94:8523"
            ],
            "hardware_version": 19,
            "host_system_id": "host-17",
            "hv_mode": "hvAuto",
            "id": "421409d5-8370-b425-b130-8d97ab33d4b0",
            "ide_controller_count": 2,
            "ignored_guest_ips": null,
            "imported": null,
            "latency_sensitivity": "normal",
            "memory": 2048,
            "memory_hot_add_enabled": false,
            "memory_limit": -1,
            "memory_reservation": 0,
            "memory_share_count": 20480,
            "memory_share_level": "normal",
            "migrate_wait_timeout": 30,
            "moid": "vm-3026",
            "name": "glusterfs-prod-1",
            "nested_hv_enabled": false,
            "network_interface": [
              {
                "adapter_type": "vmxnet3",
                "bandwidth_limit": -1,
                "bandwidth_reservation": 0,
                "bandwidth_share_count": 50,
                "bandwidth_share_level": "normal",
                "device_address": "pci:0:7",
                "key": 4000,
                "mac_address": "00:50:56:94:85:23",
                "network_id": "network-27",
                "ovf_mapping": "",
                "use_static_mac": false
              }
            ],
            "num_cores_per_socket": 1,
            "num_cpus": 2,
            "ovf_deploy": [],
            "pci_device_id": [],
            "power_state": "on",
            "poweron_timeout": 300,
            "reboot_required": false,
            "replace_trigger": null,
            "resource_pool_id": "resgroup-9",
            "run_tools_scripts_after_power_on": true,
            "run_tools_scripts_after_resume": true,
            "run_tools_scripts_before_guest_reboot": false,
            "run_tools_scripts_before_guest_shutdown": true,
            "run_tools_scripts_before_guest_standby": true,
            "sata_controller_count": 0,
            "scsi_bus_sharing": "noSharing",
            "scsi_controller_count": 1,
            "scsi_type": "lsilogic",
            "shutdown_wait_timeout": 3,
            "storage_policy_id": "",
            "swap_placement_policy": "inherit",
            "sync_time_with_host": false,
            "sync_time_with_host_periodically": false,
            "tags": [],
            "tools_upgrade_policy": "manual",
            "uuid": "421409d5-8370-b425-b130-8d97ab33d4b0",
            "vapp": [],
            "vapp_transport": [],
            "vbs_enabled": false,
            "vmware_tools_status": "guestToolsRunning",
            "vmx_path": "glusterfs-prod-1_1/glusterfs-prod-1.vmx",
            "vvtd_enabled": false,
            "wait_for_guest_ip_timeout": 0,
            "wait_for_guest_net_routable": true,
            "wait_for_guest_net_timeout": 5
          },
          "sensitive_attributes": [],
          "private": "eyJzY2hlbWFfdmVyc2lvbiI6IjMifQ==",
          "dependencies": [
            "module.glusterfs.data.vsphere_compute_cluster.compute_cluster",
            "module.glusterfs.data.vsphere_datacenter.dc",
            "module.glusterfs.data.vsphere_datastore.ds",
            "module.glusterfs.data.vsphere_network.network",
            "module.glusterfs.data.vsphere_virtual_machine.template"
          ]
        },
        {
          "index_key": 2,
          "schema_version": 3,
          "attributes": {
            "alternate_guest_name": "",
            "annotation": "",
            "boot_delay": 0,
            "boot_retry_delay": 10000,
            "boot_retry_enabled": false,
            "cdrom": [],
            "change_version": "2022-04-26T07:31:24.841334Z",
            "clone": [
              {
                "customize": [
                  {
                    "dns_server_list": [],
                    "dns_suffix_list": [],
                    "ipv4_gateway": "192.168.1.254",
                    "ipv6_gateway": "",
                    "linux_options": [
                      {
                        "domain": "lucasquitman.fr",
                        "host_name": "glusterfs-prod-2",
                        "hw_clock_utc": true,
                        "time_zone": ""
                      }
                    ],
                    "network_interface": [
                      {
                        "dns_domain": "",
                        "dns_server_list": [],
                        "ipv4_address": "192.168.1.228",
                        "ipv4_netmask": 24,
                        "ipv6_address": "",
                        "ipv6_netmask": 0
                      }
                    ],
                    "timeout": 10,
                    "windows_options": [],
                    "windows_sysprep_text": ""
                  }
                ],
                "linked_clone": false,
                "ovf_network_map": {},
                "ovf_storage_map": {},
                "template_uuid": "4214941f-9d8f-21a6-c0aa-0f8c020f1474",
                "timeout": 30
              }
            ],
            "cpu_hot_add_enabled": false,
            "cpu_hot_remove_enabled": false,
            "cpu_limit": -1,
            "cpu_performance_counters_enabled": false,
            "cpu_reservation": 0,
            "cpu_share_count": 2000,
            "cpu_share_level": "normal",
            "custom_attributes": {},
            "datacenter_id": null,
            "datastore_cluster_id": null,
            "datastore_id": "datastore-20",
            "default_ip_address": "192.168.1.228",
            "disk": [
              {
                "attach": false,
                "controller_type": "scsi",
                "datastore_id": "datastore-20",
                "device_address": "scsi:0:0",
                "disk_mode": "persistent",
                "disk_sharing": "sharingNone",
                "eagerly_scrub": false,
                "io_limit": -1,
                "io_reservation": 0,
                "io_share_count": 1000,
                "io_share_level": "normal",
                "keep_on_remove": false,
                "key": 2000,
                "label": "disk0",
                "path": "glusterfs-prod-2_1/glusterfs-prod-2.vmdk",
                "size": 15,
                "storage_policy_id": "",
                "thin_provisioned": true,
                "unit_number": 0,
                "uuid": "6000C29f-eedc-ed1c-8e27-454d0d1d274a",
                "write_through": false
              }
            ],
            "efi_secure_boot_enabled": false,
            "enable_disk_uuid": false,
            "enable_logging": false,
            "ept_rvi_mode": "automatic",
            "extra_config": {},
            "firmware": "bios",
            "folder": "",
            "force_power_off": true,
            "guest_id": "ubuntu64Guest",
            "guest_ip_addresses": [
              "192.168.1.228",
              "fd68:1324:4fa7:7700:250:56ff:fe94:d2e",
              "fe80::250:56ff:fe94:d2e"
            ],
            "hardware_version": 19,
            "host_system_id": "host-14",
            "hv_mode": "hvAuto",
            "id": "42143901-7c9d-457e-01ba-f0a3b997d730",
            "ide_controller_count": 2,
            "ignored_guest_ips": null,
            "imported": null,
            "latency_sensitivity": "normal",
            "memory": 2048,
            "memory_hot_add_enabled": false,
            "memory_limit": -1,
            "memory_reservation": 0,
            "memory_share_count": 20480,
            "memory_share_level": "normal",
            "migrate_wait_timeout": 30,
            "moid": "vm-3027",
            "name": "glusterfs-prod-2",
            "nested_hv_enabled": false,
            "network_interface": [
              {
                "adapter_type": "vmxnet3",
                "bandwidth_limit": -1,
                "bandwidth_reservation": 0,
                "bandwidth_share_count": 50,
                "bandwidth_share_level": "normal",
                "device_address": "pci:0:7",
                "key": 4000,
                "mac_address": "00:50:56:94:0d:2e",
                "network_id": "network-27",
                "ovf_mapping": "",
                "use_static_mac": false
              }
            ],
            "num_cores_per_socket": 1,
            "num_cpus": 2,
            "ovf_deploy": [],
            "pci_device_id": [],
            "power_state": "on",
            "poweron_timeout": 300,
            "reboot_required": false,
            "replace_trigger": null,
            "resource_pool_id": "resgroup-9",
            "run_tools_scripts_after_power_on": true,
            "run_tools_scripts_after_resume": true,
            "run_tools_scripts_before_guest_reboot": false,
            "run_tools_scripts_before_guest_shutdown": true,
            "run_tools_scripts_before_guest_standby": true,
            "sata_controller_count": 0,
            "scsi_bus_sharing": "noSharing",
            "scsi_controller_count": 1,
            "scsi_type": "lsilogic",
            "shutdown_wait_timeout": 3,
            "storage_policy_id": "",
            "swap_placement_policy": "inherit",
            "sync_time_with_host": false,
            "sync_time_with_host_periodically": false,
            "tags": [],
            "tools_upgrade_policy": "manual",
            "uuid": "42143901-7c9d-457e-01ba-f0a3b997d730",
            "vapp": [],
            "vapp_transport": [],
            "vbs_enabled": false,
            "vmware_tools_status": "guestToolsRunning",
            "vmx_path": "glusterfs-prod-2_1/glusterfs-prod-2.vmx",
            "vvtd_enabled": false,
            "wait_for_guest_ip_timeout": 0,
            "wait_for_guest_net_routable": true,
            "wait_for_guest_net_timeout": 5
          },
          "sensitive_attributes": [],
          "private": "eyJzY2hlbWFfdmVyc2lvbiI6IjMifQ==",
          "dependencies": [
            "module.glusterfs.data.vsphere_compute_cluster.compute_cluster",
            "module.glusterfs.data.vsphere_datacenter.dc",
            "module.glusterfs.data.vsphere_datastore.ds",
            "module.glusterfs.data.vsphere_network.network",
            "module.glusterfs.data.vsphere_virtual_machine.template"
          ]
        }
      ]
    },
    {
      "module": "module.nginx",
      "mode": "data",
      "type": "vsphere_compute_cluster",
      "name": "compute_cluster",
      "provider": "provider[\"registry.terraform.io/hashicorp/vsphere\"]",
      "instances": [
        {
          "schema_version": 0,
          "attributes": {
            "datacenter_id": "datacenter-3",
            "id": "domain-c8",
            "name": "main",
            "resource_pool_id": "resgroup-9"
          },
          "sensitive_attributes": []
        }
      ]
    },
    {
      "module": "module.nginx",
      "mode": "data",
      "type": "vsphere_datacenter",
      "name": "dc",
      "provider": "provider[\"registry.terraform.io/hashicorp/vsphere\"]",
      "instances": [
        {
          "schema_version": 0,
          "attributes": {
            "id": "datacenter-3",
            "name": "homelab"
          },
          "sensitive_attributes": []
        }
      ]
    },
    {
      "module": "module.nginx",
      "mode": "data",
      "type": "vsphere_datastore",
      "name": "ds",
      "provider": "provider[\"registry.terraform.io/hashicorp/vsphere\"]",
      "instances": [
        {
          "schema_version": 0,
          "attributes": {
            "datacenter_id": "datacenter-3",
            "id": "datastore-20",
            "name": "SDS2"
          },
          "sensitive_attributes": []
        }
      ]
    },
    {
      "module": "module.nginx",
      "mode": "data",
      "type": "vsphere_network",
      "name": "network",
      "provider": "provider[\"registry.terraform.io/hashicorp/vsphere\"]",
      "instances": [
        {
          "schema_version": 0,
          "attributes": {
            "datacenter_id": "datacenter-3",
            "distributed_virtual_switch_uuid": null,
            "id": "network-27",
            "name": "VM Network",
            "type": "Network"
          },
          "sensitive_attributes": []
        }
      ]
    },
    {
      "module": "module.nginx",
      "mode": "data",
      "type": "vsphere_virtual_machine",
      "name": "template",
      "provider": "provider[\"registry.terraform.io/hashicorp/vsphere\"]",
      "instances": [
        {
          "schema_version": 0,
          "attributes": {
            "alternate_guest_name": "",
            "annotation": "",
            "boot_delay": 0,
            "boot_retry_delay": 10000,
            "boot_retry_enabled": false,
            "change_version": "2022-03-25T15:44:47.171961Z",
            "cpu_hot_add_enabled": false,
            "cpu_hot_remove_enabled": false,
            "cpu_limit": -1,
            "cpu_performance_counters_enabled": false,
            "cpu_reservation": 0,
            "cpu_share_count": 2000,
            "cpu_share_level": "normal",
            "datacenter_id": "datacenter-3",
            "default_ip_address": null,
            "disks": [
              {
                "eagerly_scrub": false,
                "label": "Hard disk 1",
                "size": 8,
                "thin_provisioned": true,
                "unit_number": 0
              }
            ],
            "efi_secure_boot_enabled": false,
            "enable_disk_uuid": false,
            "enable_logging": true,
            "ept_rvi_mode": "automatic",
            "extra_config": {},
            "firmware": "bios",
            "guest_id": "ubuntu64Guest",
            "guest_ip_addresses": [],
            "hardware_version": 19,
            "hv_mode": "hvAuto",
            "id": "4214222e-5a3e-84d4-8135-96fe1579c277",
            "ide_controller_scan_count": 2,
            "latency_sensitivity": "normal",
            "memory": 2048,
            "memory_hot_add_enabled": false,
            "memory_limit": -1,
            "memory_reservation": 0,
            "memory_share_count": 20480,
            "memory_share_level": "normal",
            "name": "nginx-base",
            "nested_hv_enabled": false,
            "network_interface_types": [
              "vmxnet3"
            ],
            "network_interfaces": [
              {
                "adapter_type": "vmxnet3",
                "bandwidth_limit": -1,
                "bandwidth_reservation": 0,
                "bandwidth_share_count": 50,
                "bandwidth_share_level": "normal",
                "mac_address": "00:50:56:94:18:db",
                "network_id": "network-27"
              }
            ],
            "num_cores_per_socket": 1,
            "num_cpus": 2,
            "replace_trigger": null,
            "run_tools_scripts_after_power_on": true,
            "run_tools_scripts_after_resume": true,
            "run_tools_scripts_before_guest_reboot": false,
            "run_tools_scripts_before_guest_shutdown": true,
            "run_tools_scripts_before_guest_standby": true,
            "sata_controller_scan_count": 0,
            "scsi_bus_sharing": "noSharing",
            "scsi_controller_scan_count": 1,
            "scsi_type": "lsilogic",
            "storage_policy_id": null,
            "swap_placement_policy": "inherit",
            "sync_time_with_host": true,
            "sync_time_with_host_periodically": false,
            "tools_upgrade_policy": "manual",
            "uuid": "4214222e-5a3e-84d4-8135-96fe1579c277",
            "vapp": null,
            "vapp_transport": [],
            "vbs_enabled": false,
            "vvtd_enabled": false
          },
          "sensitive_attributes": []
        }
      ]
    },
    {
      "module": "module.nginx",
      "mode": "managed",
      "type": "vsphere_virtual_machine",
      "name": "nginx",
      "provider": "provider[\"registry.terraform.io/hashicorp/vsphere\"]",
      "instances": [
        {
          "index_key": 0,
          "schema_version": 3,
          "attributes": {
            "alternate_guest_name": "",
            "annotation": "",
            "boot_delay": 0,
            "boot_retry_delay": 10000,
            "boot_retry_enabled": false,
            "cdrom": [],
            "change_version": "2022-04-26T07:32:32.732897Z",
            "clone": [
              {
                "customize": [
                  {
                    "dns_server_list": [],
                    "dns_suffix_list": [],
                    "ipv4_gateway": "192.168.1.254",
                    "ipv6_gateway": "",
                    "linux_options": [
                      {
                        "domain": "lucasquitman.fr",
                        "host_name": "nginx-prod-0",
                        "hw_clock_utc": true,
                        "time_zone": ""
                      }
                    ],
                    "network_interface": [
                      {
                        "dns_domain": "",
                        "dns_server_list": [],
                        "ipv4_address": "192.168.1.210",
                        "ipv4_netmask": 24,
                        "ipv6_address": "",
                        "ipv6_netmask": 0
                      }
                    ],
                    "timeout": 10,
                    "windows_options": [],
                    "windows_sysprep_text": ""
                  }
                ],
                "linked_clone": false,
                "ovf_network_map": {},
                "ovf_storage_map": {},
                "template_uuid": "4214222e-5a3e-84d4-8135-96fe1579c277",
                "timeout": 30
              }
            ],
            "cpu_hot_add_enabled": false,
            "cpu_hot_remove_enabled": false,
            "cpu_limit": -1,
            "cpu_performance_counters_enabled": false,
            "cpu_reservation": 0,
            "cpu_share_count": 2000,
            "cpu_share_level": "normal",
            "custom_attributes": {},
            "datacenter_id": null,
            "datastore_cluster_id": null,
            "datastore_id": "datastore-20",
            "default_ip_address": "192.168.1.210",
            "disk": [
              {
                "attach": false,
                "controller_type": "scsi",
                "datastore_id": "datastore-20",
                "device_address": "scsi:0:0",
                "disk_mode": "persistent",
                "disk_sharing": "sharingNone",
                "eagerly_scrub": false,
                "io_limit": -1,
                "io_reservation": 0,
                "io_share_count": 1000,
                "io_share_level": "normal",
                "keep_on_remove": false,
                "key": 2000,
                "label": "disk0",
                "path": "nginx-prod-0/nginx-prod-0.vmdk",
                "size": 8,
                "storage_policy_id": "",
                "thin_provisioned": true,
                "unit_number": 0,
                "uuid": "6000C296-89f7-9ccd-cbf5-654518f2d5af",
                "write_through": false
              }
            ],
            "efi_secure_boot_enabled": false,
            "enable_disk_uuid": false,
            "enable_logging": false,
            "ept_rvi_mode": "automatic",
            "extra_config": {},
            "firmware": "bios",
            "folder": "",
            "force_power_off": true,
            "guest_id": "ubuntu64Guest",
            "guest_ip_addresses": [
              "192.168.1.210",
              "fd68:1324:4fa7:7700:250:56ff:fe94:98ff",
              "fe80::250:56ff:fe94:98ff"
            ],
            "hardware_version": 19,
            "host_system_id": "host-14",
            "hv_mode": "hvAuto",
            "id": "42143a8f-5753-3b1a-57b1-aa49c8061932",
            "ide_controller_count": 2,
            "ignored_guest_ips": null,
            "imported": null,
            "latency_sensitivity": "normal",
            "memory": 2048,
            "memory_hot_add_enabled": false,
            "memory_limit": -1,
            "memory_reservation": 0,
            "memory_share_count": 20480,
            "memory_share_level": "normal",
            "migrate_wait_timeout": 30,
            "moid": "vm-3050",
            "name": "nginx-prod-0",
            "nested_hv_enabled": false,
            "network_interface": [
              {
                "adapter_type": "vmxnet3",
                "bandwidth_limit": -1,
                "bandwidth_reservation": 0,
                "bandwidth_share_count": 50,
                "bandwidth_share_level": "normal",
                "device_address": "pci:0:7",
                "key": 4000,
                "mac_address": "00:50:56:94:98:ff",
                "network_id": "network-27",
                "ovf_mapping": "",
                "use_static_mac": false
              }
            ],
            "num_cores_per_socket": 1,
            "num_cpus": 2,
            "ovf_deploy": [],
            "pci_device_id": [],
            "power_state": "on",
            "poweron_timeout": 300,
            "reboot_required": false,
            "replace_trigger": null,
            "resource_pool_id": "resgroup-9",
            "run_tools_scripts_after_power_on": true,
            "run_tools_scripts_after_resume": true,
            "run_tools_scripts_before_guest_reboot": false,
            "run_tools_scripts_before_guest_shutdown": true,
            "run_tools_scripts_before_guest_standby": true,
            "sata_controller_count": 0,
            "scsi_bus_sharing": "noSharing",
            "scsi_controller_count": 1,
            "scsi_type": "lsilogic",
            "shutdown_wait_timeout": 3,
            "storage_policy_id": "",
            "swap_placement_policy": "inherit",
            "sync_time_with_host": false,
            "sync_time_with_host_periodically": false,
            "tags": [],
            "tools_upgrade_policy": "manual",
            "uuid": "42143a8f-5753-3b1a-57b1-aa49c8061932",
            "vapp": [],
            "vapp_transport": [],
            "vbs_enabled": false,
            "vmware_tools_status": "guestToolsRunning",
            "vmx_path": "nginx-prod-0/nginx-prod-0.vmx",
            "vvtd_enabled": false,
            "wait_for_guest_ip_timeout": 0,
            "wait_for_guest_net_routable": true,
            "wait_for_guest_net_timeout": 5
          },
          "sensitive_attributes": [],
          "private": "eyJzY2hlbWFfdmVyc2lvbiI6IjMifQ==",
          "dependencies": [
            "module.nginx.data.vsphere_compute_cluster.compute_cluster",
            "module.nginx.data.vsphere_datacenter.dc",
            "module.nginx.data.vsphere_datastore.ds",
            "module.nginx.data.vsphere_network.network",
            "module.nginx.data.vsphere_virtual_machine.template"
          ]
        }
      ]
    },
    {
      "module": "module.nomad",
      "mode": "data",
      "type": "vsphere_compute_cluster",
      "name": "compute_cluster",
      "provider": "provider[\"registry.terraform.io/hashicorp/vsphere\"]",
      "instances": [
        {
          "schema_version": 0,
          "attributes": {
            "datacenter_id": "datacenter-3",
            "id": "domain-c8",
            "name": "main",
            "resource_pool_id": "resgroup-9"
          },
          "sensitive_attributes": []
        }
      ]
    },
    {
      "module": "module.nomad",
      "mode": "data",
      "type": "vsphere_datacenter",
      "name": "dc",
      "provider": "provider[\"registry.terraform.io/hashicorp/vsphere\"]",
      "instances": [
        {
          "schema_version": 0,
          "attributes": {
            "id": "datacenter-3",
            "name": "homelab"
          },
          "sensitive_attributes": []
        }
      ]
    },
    {
      "module": "module.nomad",
      "mode": "data",
      "type": "vsphere_datastore",
      "name": "ds",
      "provider": "provider[\"registry.terraform.io/hashicorp/vsphere\"]",
      "instances": [
        {
          "schema_version": 0,
          "attributes": {
            "datacenter_id": "datacenter-3",
            "id": "datastore-20",
            "name": "SDS2"
          },
          "sensitive_attributes": []
        }
      ]
    },
    {
      "module": "module.nomad",
      "mode": "data",
      "type": "vsphere_network",
      "name": "network",
      "provider": "provider[\"registry.terraform.io/hashicorp/vsphere\"]",
      "instances": [
        {
          "schema_version": 0,
          "attributes": {
            "datacenter_id": "datacenter-3",
            "distributed_virtual_switch_uuid": null,
            "id": "network-27",
            "name": "VM Network",
            "type": "Network"
          },
          "sensitive_attributes": []
        }
      ]
    },
    {
      "module": "module.nomad",
      "mode": "data",
      "type": "vsphere_virtual_machine",
      "name": "template",
      "provider": "provider[\"registry.terraform.io/hashicorp/vsphere\"]",
      "instances": [
        {
          "schema_version": 0,
          "attributes": {
            "alternate_guest_name": "",
            "annotation": "",
            "boot_delay": 0,
            "boot_retry_delay": 10000,
            "boot_retry_enabled": false,
            "change_version": "2022-04-26T08:49:00.539203Z",
            "cpu_hot_add_enabled": false,
            "cpu_hot_remove_enabled": false,
            "cpu_limit": -1,
            "cpu_performance_counters_enabled": false,
            "cpu_reservation": 0,
            "cpu_share_count": 2000,
            "cpu_share_level": "normal",
            "datacenter_id": "datacenter-3",
            "default_ip_address": null,
            "disks": [
              {
                "eagerly_scrub": false,
                "label": "Hard disk 1",
                "size": 10,
                "thin_provisioned": true,
                "unit_number": 0
              }
            ],
            "efi_secure_boot_enabled": false,
            "enable_disk_uuid": false,
            "enable_logging": true,
            "ept_rvi_mode": "automatic",
            "extra_config": {},
            "firmware": "bios",
            "guest_id": "ubuntu64Guest",
            "guest_ip_addresses": [],
            "hardware_version": 19,
            "hv_mode": "hvAuto",
            "id": "42143ce4-257d-175f-3eb6-a8978ad98bde",
            "ide_controller_scan_count": 2,
            "latency_sensitivity": "normal",
            "memory": 2048,
            "memory_hot_add_enabled": false,
            "memory_limit": -1,
            "memory_reservation": 0,
            "memory_share_count": 20480,
            "memory_share_level": "normal",
            "name": "nomad-base",
            "nested_hv_enabled": false,
            "network_interface_types": [
              "vmxnet3"
            ],
            "network_interfaces": [
              {
                "adapter_type": "vmxnet3",
                "bandwidth_limit": -1,
                "bandwidth_reservation": 0,
                "bandwidth_share_count": 50,
                "bandwidth_share_level": "normal",
                "mac_address": "00:50:56:94:18:db",
                "network_id": "network-27"
              }
            ],
            "num_cores_per_socket": 1,
            "num_cpus": 2,
            "replace_trigger": null,
            "run_tools_scripts_after_power_on": true,
            "run_tools_scripts_after_resume": true,
            "run_tools_scripts_before_guest_reboot": false,
            "run_tools_scripts_before_guest_shutdown": true,
            "run_tools_scripts_before_guest_standby": true,
            "sata_controller_scan_count": 0,
            "scsi_bus_sharing": "noSharing",
            "scsi_controller_scan_count": 1,
            "scsi_type": "lsilogic",
            "storage_policy_id": null,
            "swap_placement_policy": "inherit",
            "sync_time_with_host": true,
            "sync_time_with_host_periodically": false,
            "tools_upgrade_policy": "manual",
            "uuid": "42143ce4-257d-175f-3eb6-a8978ad98bde",
            "vapp": null,
            "vapp_transport": [],
            "vbs_enabled": false,
            "vvtd_enabled": false
          },
          "sensitive_attributes": []
        }
      ]
    },
    {
      "module": "module.nomad",
      "mode": "managed",
      "type": "vsphere_virtual_machine",
      "name": "nomad",
      "provider": "provider[\"registry.terraform.io/hashicorp/vsphere\"]",
      "instances": [
        {
          "index_key": 0,
          "schema_version": 3,
          "attributes": {
            "alternate_guest_name": "",
            "annotation": "",
            "boot_delay": 0,
            "boot_retry_delay": 10000,
            "boot_retry_enabled": false,
            "cdrom": [],
            "change_version": "2022-04-27T12:05:40.008267Z",
            "clone": [
              {
                "customize": [
                  {
                    "dns_server_list": null,
                    "dns_suffix_list": null,
                    "ipv4_gateway": "192.168.1.254",
                    "ipv6_gateway": "",
                    "linux_options": [
                      {
                        "domain": "lucasquitman.fr",
                        "host_name": "nomad-prod-0",
                        "hw_clock_utc": true,
                        "time_zone": ""
                      }
                    ],
                    "network_interface": [
                      {
                        "dns_domain": "",
                        "dns_server_list": null,
                        "ipv4_address": "192.168.1.245",
                        "ipv4_netmask": 24,
                        "ipv6_address": "",
                        "ipv6_netmask": 0
                      }
                    ],
                    "timeout": 10,
                    "windows_options": [],
                    "windows_sysprep_text": ""
                  }
                ],
                "linked_clone": false,
                "ovf_network_map": null,
                "ovf_storage_map": null,
                "template_uuid": "42143ce4-257d-175f-3eb6-a8978ad98bde",
                "timeout": 30
              }
            ],
            "cpu_hot_add_enabled": false,
            "cpu_hot_remove_enabled": false,
            "cpu_limit": -1,
            "cpu_performance_counters_enabled": false,
            "cpu_reservation": 0,
            "cpu_share_count": 2000,
            "cpu_share_level": "normal",
            "custom_attributes": null,
            "datacenter_id": null,
            "datastore_cluster_id": null,
            "datastore_id": "datastore-20",
            "default_ip_address": "192.168.1.245",
            "disk": [
              {
                "attach": false,
                "controller_type": "scsi",
                "datastore_id": "datastore-20",
                "device_address": "scsi:0:0",
                "disk_mode": "persistent",
                "disk_sharing": "sharingNone",
                "eagerly_scrub": false,
                "io_limit": -1,
                "io_reservation": 0,
                "io_share_count": 1000,
                "io_share_level": "normal",
                "keep_on_remove": false,
                "key": 2000,
                "label": "disk0",
                "path": "nomad-prod-0/nomad-prod-0.vmdk",
                "size": 10,
                "storage_policy_id": "",
                "thin_provisioned": true,
                "unit_number": 0,
                "uuid": "6000C29e-c010-bcfa-80b0-fcc17fa1d5ab",
                "write_through": false
              }
            ],
            "efi_secure_boot_enabled": false,
            "enable_disk_uuid": false,
            "enable_logging": false,
            "ept_rvi_mode": "automatic",
            "extra_config": null,
            "firmware": "bios",
            "folder": "",
            "force_power_off": true,
            "guest_id": "ubuntu64Guest",
            "guest_ip_addresses": [
              "192.168.1.245",
              "fd68:1324:4fa7:7700:250:56ff:fe94:1f2f",
              "fe80::250:56ff:fe94:1f2f"
            ],
            "hardware_version": 19,
            "host_system_id": "host-17",
            "hv_mode": "hvAuto",
            "id": "4214fe15-cd75-eeea-6b55-d2984de90376",
            "ide_controller_count": 2,
            "ignored_guest_ips": null,
            "imported": null,
            "latency_sensitivity": "normal",
            "memory": 4096,
            "memory_hot_add_enabled": false,
            "memory_limit": -1,
            "memory_reservation": 0,
            "memory_share_count": 40960,
            "memory_share_level": "normal",
            "migrate_wait_timeout": 30,
            "moid": "vm-4010",
            "name": "nomad-prod-0",
            "nested_hv_enabled": false,
            "network_interface": [
              {
                "adapter_type": "vmxnet3",
                "bandwidth_limit": -1,
                "bandwidth_reservation": 0,
                "bandwidth_share_count": 50,
                "bandwidth_share_level": "normal",
                "device_address": "pci:0:7",
                "key": 4000,
                "mac_address": "00:50:56:94:1f:2f",
                "network_id": "network-27",
                "ovf_mapping": "",
                "use_static_mac": false
              }
            ],
            "num_cores_per_socket": 1,
            "num_cpus": 2,
            "ovf_deploy": [],
            "pci_device_id": null,
            "power_state": "on",
            "poweron_timeout": 300,
            "reboot_required": false,
            "replace_trigger": null,
            "resource_pool_id": "resgroup-9",
            "run_tools_scripts_after_power_on": true,
            "run_tools_scripts_after_resume": true,
            "run_tools_scripts_before_guest_reboot": false,
            "run_tools_scripts_before_guest_shutdown": true,
            "run_tools_scripts_before_guest_standby": true,
            "sata_controller_count": 0,
            "scsi_bus_sharing": "noSharing",
            "scsi_controller_count": 1,
            "scsi_type": "lsilogic",
            "shutdown_wait_timeout": 3,
            "storage_policy_id": "",
            "swap_placement_policy": "inherit",
            "sync_time_with_host": false,
            "sync_time_with_host_periodically": false,
            "tags": null,
            "tools_upgrade_policy": "manual",
            "uuid": "4214fe15-cd75-eeea-6b55-d2984de90376",
            "vapp": [],
            "vapp_transport": [],
            "vbs_enabled": false,
            "vmware_tools_status": "guestToolsRunning",
            "vmx_path": "nomad-prod-0/nomad-prod-0.vmx",
            "vvtd_enabled": false,
            "wait_for_guest_ip_timeout": 0,
            "wait_for_guest_net_routable": true,
            "wait_for_guest_net_timeout": 5
          },
          "sensitive_attributes": [],
          "private": "eyJzY2hlbWFfdmVyc2lvbiI6IjMifQ==",
          "dependencies": [
            "module.nomad.data.vsphere_compute_cluster.compute_cluster",
            "module.nomad.data.vsphere_datastore.ds",
            "module.nomad.data.vsphere_network.network",
            "module.nomad.data.vsphere_virtual_machine.template"
          ]
        },
        {
          "index_key": 1,
          "schema_version": 3,
          "attributes": {
            "alternate_guest_name": "",
            "annotation": "",
            "boot_delay": 0,
            "boot_retry_delay": 10000,
            "boot_retry_enabled": false,
            "cdrom": [],
            "change_version": "2022-04-27T12:05:40.561336Z",
            "clone": [
              {
                "customize": [
                  {
                    "dns_server_list": null,
                    "dns_suffix_list": null,
                    "ipv4_gateway": "192.168.1.254",
                    "ipv6_gateway": "",
                    "linux_options": [
                      {
                        "domain": "lucasquitman.fr",
                        "host_name": "nomad-prod-1",
                        "hw_clock_utc": true,
                        "time_zone": ""
                      }
                    ],
                    "network_interface": [
                      {
                        "dns_domain": "",
                        "dns_server_list": null,
                        "ipv4_address": "192.168.1.244",
                        "ipv4_netmask": 24,
                        "ipv6_address": "",
                        "ipv6_netmask": 0
                      }
                    ],
                    "timeout": 10,
                    "windows_options": [],
                    "windows_sysprep_text": ""
                  }
                ],
                "linked_clone": false,
                "ovf_network_map": null,
                "ovf_storage_map": null,
                "template_uuid": "42143ce4-257d-175f-3eb6-a8978ad98bde",
                "timeout": 30
              }
            ],
            "cpu_hot_add_enabled": false,
            "cpu_hot_remove_enabled": false,
            "cpu_limit": -1,
            "cpu_performance_counters_enabled": false,
            "cpu_reservation": 0,
            "cpu_share_count": 2000,
            "cpu_share_level": "normal",
            "custom_attributes": null,
            "datacenter_id": null,
            "datastore_cluster_id": null,
            "datastore_id": "datastore-20",
            "default_ip_address": "192.168.1.244",
            "disk": [
              {
                "attach": false,
                "controller_type": "scsi",
                "datastore_id": "datastore-20",
                "device_address": "scsi:0:0",
                "disk_mode": "persistent",
                "disk_sharing": "sharingNone",
                "eagerly_scrub": false,
                "io_limit": -1,
                "io_reservation": 0,
                "io_share_count": 1000,
                "io_share_level": "normal",
                "keep_on_remove": false,
                "key": 2000,
                "label": "disk0",
                "path": "nomad-prod-1/nomad-prod-1.vmdk",
                "size": 10,
                "storage_policy_id": "",
                "thin_provisioned": true,
                "unit_number": 0,
                "uuid": "6000C298-4739-e950-cde3-f432bc9d35aa",
                "write_through": false
              }
            ],
            "efi_secure_boot_enabled": false,
            "enable_disk_uuid": false,
            "enable_logging": false,
            "ept_rvi_mode": "automatic",
            "extra_config": null,
            "firmware": "bios",
            "folder": "",
            "force_power_off": true,
            "guest_id": "ubuntu64Guest",
            "guest_ip_addresses": [
              "192.168.1.244",
              "fd68:1324:4fa7:7700:250:56ff:fe94:f105",
              "fe80::250:56ff:fe94:f105"
            ],
            "hardware_version": 19,
            "host_system_id": "host-17",
            "hv_mode": "hvAuto",
            "id": "42142dc6-ce02-a803-ba35-235adb6e347e",
            "ide_controller_count": 2,
            "ignored_guest_ips": null,
            "imported": null,
            "latency_sensitivity": "normal",
            "memory": 4096,
            "memory_hot_add_enabled": false,
            "memory_limit": -1,
            "memory_reservation": 0,
            "memory_share_count": 40960,
            "memory_share_level": "normal",
            "migrate_wait_timeout": 30,
            "moid": "vm-4008",
            "name": "nomad-prod-1",
            "nested_hv_enabled": false,
            "network_interface": [
              {
                "adapter_type": "vmxnet3",
                "bandwidth_limit": -1,
                "bandwidth_reservation": 0,
                "bandwidth_share_count": 50,
                "bandwidth_share_level": "normal",
                "device_address": "pci:0:7",
                "key": 4000,
                "mac_address": "00:50:56:94:f1:05",
                "network_id": "network-27",
                "ovf_mapping": "",
                "use_static_mac": false
              }
            ],
            "num_cores_per_socket": 1,
            "num_cpus": 2,
            "ovf_deploy": [],
            "pci_device_id": null,
            "power_state": "on",
            "poweron_timeout": 300,
            "reboot_required": false,
            "replace_trigger": null,
            "resource_pool_id": "resgroup-9",
            "run_tools_scripts_after_power_on": true,
            "run_tools_scripts_after_resume": true,
            "run_tools_scripts_before_guest_reboot": false,
            "run_tools_scripts_before_guest_shutdown": true,
            "run_tools_scripts_before_guest_standby": true,
            "sata_controller_count": 0,
            "scsi_bus_sharing": "noSharing",
            "scsi_controller_count": 1,
            "scsi_type": "lsilogic",
            "shutdown_wait_timeout": 3,
            "storage_policy_id": "",
            "swap_placement_policy": "inherit",
            "sync_time_with_host": false,
            "sync_time_with_host_periodically": false,
            "tags": null,
            "tools_upgrade_policy": "manual",
            "uuid": "42142dc6-ce02-a803-ba35-235adb6e347e",
            "vapp": [],
            "vapp_transport": [],
            "vbs_enabled": false,
            "vmware_tools_status": "guestToolsRunning",
            "vmx_path": "nomad-prod-1/nomad-prod-1.vmx",
            "vvtd_enabled": false,
            "wait_for_guest_ip_timeout": 0,
            "wait_for_guest_net_routable": true,
            "wait_for_guest_net_timeout": 5
          },
          "sensitive_attributes": [],
          "private": "eyJzY2hlbWFfdmVyc2lvbiI6IjMifQ==",
          "dependencies": [
            "module.nomad.data.vsphere_compute_cluster.compute_cluster",
            "module.nomad.data.vsphere_datastore.ds",
            "module.nomad.data.vsphere_network.network",
            "module.nomad.data.vsphere_virtual_machine.template"
          ]
        },
        {
          "index_key": 2,
          "schema_version": 3,
          "attributes": {
            "alternate_guest_name": "",
            "annotation": "",
            "boot_delay": 0,
            "boot_retry_delay": 10000,
            "boot_retry_enabled": false,
            "cdrom": [],
            "change_version": "2022-04-27T12:04:43.369894Z",
            "clone": [
              {
                "customize": [
                  {
                    "dns_server_list": null,
                    "dns_suffix_list": null,
                    "ipv4_gateway": "192.168.1.254",
                    "ipv6_gateway": "",
                    "linux_options": [
                      {
                        "domain": "lucasquitman.fr",
                        "host_name": "nomad-prod-2",
                        "hw_clock_utc": true,
                        "time_zone": ""
                      }
                    ],
                    "network_interface": [
                      {
                        "dns_domain": "",
                        "dns_server_list": null,
                        "ipv4_address": "192.168.1.243",
                        "ipv4_netmask": 24,
                        "ipv6_address": "",
                        "ipv6_netmask": 0
                      }
                    ],
                    "timeout": 10,
                    "windows_options": [],
                    "windows_sysprep_text": ""
                  }
                ],
                "linked_clone": false,
                "ovf_network_map": null,
                "ovf_storage_map": null,
                "template_uuid": "42143ce4-257d-175f-3eb6-a8978ad98bde",
                "timeout": 30
              }
            ],
            "cpu_hot_add_enabled": false,
            "cpu_hot_remove_enabled": false,
            "cpu_limit": -1,
            "cpu_performance_counters_enabled": false,
            "cpu_reservation": 0,
            "cpu_share_count": 2000,
            "cpu_share_level": "normal",
            "custom_attributes": null,
            "datacenter_id": null,
            "datastore_cluster_id": null,
            "datastore_id": "datastore-20",
            "default_ip_address": "192.168.1.243",
            "disk": [
              {
                "attach": false,
                "controller_type": "scsi",
                "datastore_id": "datastore-20",
                "device_address": "scsi:0:0",
                "disk_mode": "persistent",
                "disk_sharing": "sharingNone",
                "eagerly_scrub": false,
                "io_limit": -1,
                "io_reservation": 0,
                "io_share_count": 1000,
                "io_share_level": "normal",
                "keep_on_remove": false,
                "key": 2000,
                "label": "disk0",
                "path": "nomad-prod-2/nomad-prod-2.vmdk",
                "size": 10,
                "storage_policy_id": "",
                "thin_provisioned": true,
                "unit_number": 0,
                "uuid": "6000C290-74c9-0b99-6733-5bdb57737331",
                "write_through": false
              }
            ],
            "efi_secure_boot_enabled": false,
            "enable_disk_uuid": false,
            "enable_logging": false,
            "ept_rvi_mode": "automatic",
            "extra_config": null,
            "firmware": "bios",
            "folder": "",
            "force_power_off": true,
            "guest_id": "ubuntu64Guest",
            "guest_ip_addresses": [
              "192.168.1.243",
              "fd68:1324:4fa7:7700:250:56ff:fe94:2413",
              "fe80::250:56ff:fe94:2413"
            ],
            "hardware_version": 19,
            "host_system_id": "host-14",
            "hv_mode": "hvAuto",
            "id": "42147d43-f583-6860-5eac-90a41e0ae917",
            "ide_controller_count": 2,
            "ignored_guest_ips": null,
            "imported": null,
            "latency_sensitivity": "normal",
            "memory": 4096,
            "memory_hot_add_enabled": false,
            "memory_limit": -1,
            "memory_reservation": 0,
            "memory_share_count": 40960,
            "memory_share_level": "normal",
            "migrate_wait_timeout": 30,
            "moid": "vm-4009",
            "name": "nomad-prod-2",
            "nested_hv_enabled": false,
            "network_interface": [
              {
                "adapter_type": "vmxnet3",
                "bandwidth_limit": -1,
                "bandwidth_reservation": 0,
                "bandwidth_share_count": 50,
                "bandwidth_share_level": "normal",
                "device_address": "pci:0:7",
                "key": 4000,
                "mac_address": "00:50:56:94:24:13",
                "network_id": "network-27",
                "ovf_mapping": "",
                "use_static_mac": false
              }
            ],
            "num_cores_per_socket": 1,
            "num_cpus": 2,
            "ovf_deploy": [],
            "pci_device_id": null,
            "power_state": "on",
            "poweron_timeout": 300,
            "reboot_required": false,
            "replace_trigger": null,
            "resource_pool_id": "resgroup-9",
            "run_tools_scripts_after_power_on": true,
            "run_tools_scripts_after_resume": true,
            "run_tools_scripts_before_guest_reboot": false,
            "run_tools_scripts_before_guest_shutdown": true,
            "run_tools_scripts_before_guest_standby": true,
            "sata_controller_count": 0,
            "scsi_bus_sharing": "noSharing",
            "scsi_controller_count": 1,
            "scsi_type": "lsilogic",
            "shutdown_wait_timeout": 3,
            "storage_policy_id": "",
            "swap_placement_policy": "inherit",
            "sync_time_with_host": false,
            "sync_time_with_host_periodically": false,
            "tags": null,
            "tools_upgrade_policy": "manual",
            "uuid": "42147d43-f583-6860-5eac-90a41e0ae917",
            "vapp": [],
            "vapp_transport": [],
            "vbs_enabled": false,
            "vmware_tools_status": "guestToolsRunning",
            "vmx_path": "nomad-prod-2/nomad-prod-2.vmx",
            "vvtd_enabled": false,
            "wait_for_guest_ip_timeout": 0,
            "wait_for_guest_net_routable": true,
            "wait_for_guest_net_timeout": 5
          },
          "sensitive_attributes": [],
          "private": "eyJzY2hlbWFfdmVyc2lvbiI6IjMifQ==",
          "dependencies": [
            "module.nomad.data.vsphere_compute_cluster.compute_cluster",
            "module.nomad.data.vsphere_datastore.ds",
            "module.nomad.data.vsphere_network.network",
            "module.nomad.data.vsphere_virtual_machine.template"
          ]
        }
      ]
    },
    {
      "module": "module.vault",
      "mode": "data",
      "type": "vsphere_compute_cluster",
      "name": "compute_cluster",
      "provider": "provider[\"registry.terraform.io/hashicorp/vsphere\"]",
      "instances": [
        {
          "schema_version": 0,
          "attributes": {
            "datacenter_id": "datacenter-3",
            "id": "domain-c8",
            "name": "main",
            "resource_pool_id": "resgroup-9"
          },
          "sensitive_attributes": []
        }
      ]
    },
    {
      "module": "module.vault",
      "mode": "data",
      "type": "vsphere_datacenter",
      "name": "dc",
      "provider": "provider[\"registry.terraform.io/hashicorp/vsphere\"]",
      "instances": [
        {
          "schema_version": 0,
          "attributes": {
            "id": "datacenter-3",
            "name": "homelab"
          },
          "sensitive_attributes": []
        }
      ]
    },
    {
      "module": "module.vault",
      "mode": "data",
      "type": "vsphere_datastore",
      "name": "ds",
      "provider": "provider[\"registry.terraform.io/hashicorp/vsphere\"]",
      "instances": [
        {
          "schema_version": 0,
          "attributes": {
            "datacenter_id": "datacenter-3",
            "id": "datastore-20",
            "name": "SDS2"
          },
          "sensitive_attributes": []
        }
      ]
    },
    {
      "module": "module.vault",
      "mode": "data",
      "type": "vsphere_network",
      "name": "network",
      "provider": "provider[\"registry.terraform.io/hashicorp/vsphere\"]",
      "instances": [
        {
          "schema_version": 0,
          "attributes": {
            "datacenter_id": "datacenter-3",
            "distributed_virtual_switch_uuid": null,
            "id": "network-27",
            "name": "VM Network",
            "type": "Network"
          },
          "sensitive_attributes": []
        }
      ]
    },
    {
      "module": "module.vault",
      "mode": "data",
      "type": "vsphere_virtual_machine",
      "name": "template",
      "provider": "provider[\"registry.terraform.io/hashicorp/vsphere\"]",
      "instances": [
        {
          "schema_version": 0,
          "attributes": {
            "alternate_guest_name": "",
            "annotation": "",
            "boot_delay": 0,
            "boot_retry_delay": 10000,
            "boot_retry_enabled": false,
            "change_version": "2022-03-24T16:05:01.267645Z",
            "cpu_hot_add_enabled": false,
            "cpu_hot_remove_enabled": false,
            "cpu_limit": -1,
            "cpu_performance_counters_enabled": false,
            "cpu_reservation": 0,
            "cpu_share_count": 2000,
            "cpu_share_level": "normal",
            "datacenter_id": "datacenter-3",
            "default_ip_address": null,
            "disks": [
              {
                "eagerly_scrub": false,
                "label": "Hard disk 1",
                "size": 7,
                "thin_provisioned": true,
                "unit_number": 0
              }
            ],
            "efi_secure_boot_enabled": false,
            "enable_disk_uuid": false,
            "enable_logging": true,
            "ept_rvi_mode": "automatic",
            "extra_config": {},
            "firmware": "bios",
            "guest_id": "ubuntu64Guest",
            "guest_ip_addresses": [],
            "hardware_version": 19,
            "hv_mode": "hvAuto",
            "id": "4214e520-bcef-8154-2344-a88d029b53ee",
            "ide_controller_scan_count": 2,
            "latency_sensitivity": "normal",
            "memory": 2048,
            "memory_hot_add_enabled": false,
            "memory_limit": -1,
            "memory_reservation": 0,
            "memory_share_count": 20480,
            "memory_share_level": "normal",
            "name": "vault-base",
            "nested_hv_enabled": false,
            "network_interface_types": [
              "vmxnet3"
            ],
            "network_interfaces": [
              {
                "adapter_type": "vmxnet3",
                "bandwidth_limit": -1,
                "bandwidth_reservation": 0,
                "bandwidth_share_count": 50,
                "bandwidth_share_level": "normal",
                "mac_address": "00:50:56:94:18:db",
                "network_id": "network-27"
              }
            ],
            "num_cores_per_socket": 1,
            "num_cpus": 2,
            "replace_trigger": null,
            "run_tools_scripts_after_power_on": true,
            "run_tools_scripts_after_resume": true,
            "run_tools_scripts_before_guest_reboot": false,
            "run_tools_scripts_before_guest_shutdown": true,
            "run_tools_scripts_before_guest_standby": true,
            "sata_controller_scan_count": 0,
            "scsi_bus_sharing": "noSharing",
            "scsi_controller_scan_count": 1,
            "scsi_type": "lsilogic",
            "storage_policy_id": null,
            "swap_placement_policy": "inherit",
            "sync_time_with_host": true,
            "sync_time_with_host_periodically": false,
            "tools_upgrade_policy": "manual",
            "uuid": "4214e520-bcef-8154-2344-a88d029b53ee",
            "vapp": null,
            "vapp_transport": [],
            "vbs_enabled": false,
            "vvtd_enabled": false
          },
          "sensitive_attributes": []
        }
      ]
    },
    {
      "module": "module.vault",
      "mode": "managed",
      "type": "vsphere_virtual_machine",
      "name": "vault",
      "provider": "provider[\"registry.terraform.io/hashicorp/vsphere\"]",
      "instances": [
        {
          "index_key": 0,
          "schema_version": 3,
          "attributes": {
            "alternate_guest_name": "",
            "annotation": "",
            "boot_delay": 0,
            "boot_retry_delay": 10000,
            "boot_retry_enabled": false,
            "cdrom": [],
            "change_version": "2022-04-26T07:33:20.863813Z",
            "clone": [
              {
                "customize": [
                  {
                    "dns_server_list": [],
                    "dns_suffix_list": [],
                    "ipv4_gateway": "192.168.1.254",
                    "ipv6_gateway": "",
                    "linux_options": [
                      {
                        "domain": "lucasquitman.fr",
                        "host_name": "vault-prod-0",
                        "hw_clock_utc": true,
                        "time_zone": ""
                      }
                    ],
                    "network_interface": [
                      {
                        "dns_domain": "",
                        "dns_server_list": [],
                        "ipv4_address": "192.168.1.220",
                        "ipv4_netmask": 24,
                        "ipv6_address": "",
                        "ipv6_netmask": 0
                      }
                    ],
                    "timeout": 10,
                    "windows_options": [],
                    "windows_sysprep_text": ""
                  }
                ],
                "linked_clone": false,
                "ovf_network_map": {},
                "ovf_storage_map": {},
                "template_uuid": "4214e520-bcef-8154-2344-a88d029b53ee",
                "timeout": 30
              }
            ],
            "cpu_hot_add_enabled": false,
            "cpu_hot_remove_enabled": false,
            "cpu_limit": -1,
            "cpu_performance_counters_enabled": false,
            "cpu_reservation": 0,
            "cpu_share_count": 2000,
            "cpu_share_level": "normal",
            "custom_attributes": {},
            "datacenter_id": null,
            "datastore_cluster_id": null,
            "datastore_id": "datastore-20",
            "default_ip_address": "192.168.1.220",
            "disk": [
              {
                "attach": false,
                "controller_type": "scsi",
                "datastore_id": "datastore-20",
                "device_address": "scsi:0:0",
                "disk_mode": "persistent",
                "disk_sharing": "sharingNone",
                "eagerly_scrub": false,
                "io_limit": -1,
                "io_reservation": 0,
                "io_share_count": 1000,
                "io_share_level": "normal",
                "keep_on_remove": false,
                "key": 2000,
                "label": "disk0",
                "path": "vault-prod-0/vault-prod-0.vmdk",
                "size": 7,
                "storage_policy_id": "",
                "thin_provisioned": true,
                "unit_number": 0,
                "uuid": "6000C290-cf0e-391f-423c-68f20b6c40f9",
                "write_through": false
              }
            ],
            "efi_secure_boot_enabled": false,
            "enable_disk_uuid": false,
            "enable_logging": false,
            "ept_rvi_mode": "automatic",
            "extra_config": {},
            "firmware": "bios",
            "folder": "",
            "force_power_off": true,
            "guest_id": "ubuntu64Guest",
            "guest_ip_addresses": [
              "192.168.1.220",
              "fd68:1324:4fa7:7700:250:56ff:fe94:4e8b",
              "fe80::250:56ff:fe94:4e8b"
            ],
            "hardware_version": 19,
            "host_system_id": "host-17",
            "hv_mode": "hvAuto",
            "id": "4214690e-972b-34c4-0d4a-0d2230122a2f",
            "ide_controller_count": 2,
            "ignored_guest_ips": null,
            "imported": null,
            "latency_sensitivity": "normal",
            "memory": 2048,
            "memory_hot_add_enabled": false,
            "memory_limit": -1,
            "memory_reservation": 0,
            "memory_share_count": 20480,
            "memory_share_level": "normal",
            "migrate_wait_timeout": 30,
            "moid": "vm-3021",
            "name": "vault-prod-0",
            "nested_hv_enabled": false,
            "network_interface": [
              {
                "adapter_type": "vmxnet3",
                "bandwidth_limit": -1,
                "bandwidth_reservation": 0,
                "bandwidth_share_count": 50,
                "bandwidth_share_level": "normal",
                "device_address": "pci:0:7",
                "key": 4000,
                "mac_address": "00:50:56:94:4e:8b",
                "network_id": "network-27",
                "ovf_mapping": "",
                "use_static_mac": false
              }
            ],
            "num_cores_per_socket": 1,
            "num_cpus": 2,
            "ovf_deploy": [],
            "pci_device_id": [],
            "power_state": "on",
            "poweron_timeout": 300,
            "reboot_required": false,
            "replace_trigger": null,
            "resource_pool_id": "resgroup-9",
            "run_tools_scripts_after_power_on": true,
            "run_tools_scripts_after_resume": true,
            "run_tools_scripts_before_guest_reboot": false,
            "run_tools_scripts_before_guest_shutdown": true,
            "run_tools_scripts_before_guest_standby": true,
            "sata_controller_count": 0,
            "scsi_bus_sharing": "noSharing",
            "scsi_controller_count": 1,
            "scsi_type": "lsilogic",
            "shutdown_wait_timeout": 3,
            "storage_policy_id": "",
            "swap_placement_policy": "inherit",
            "sync_time_with_host": false,
            "sync_time_with_host_periodically": false,
            "tags": [],
            "tools_upgrade_policy": "manual",
            "uuid": "4214690e-972b-34c4-0d4a-0d2230122a2f",
            "vapp": [],
            "vapp_transport": [],
            "vbs_enabled": false,
            "vmware_tools_status": "guestToolsRunning",
            "vmx_path": "vault-prod-0/vault-prod-0.vmx",
            "vvtd_enabled": false,
            "wait_for_guest_ip_timeout": 0,
            "wait_for_guest_net_routable": true,
            "wait_for_guest_net_timeout": 5
          },
          "sensitive_attributes": [],
          "private": "eyJzY2hlbWFfdmVyc2lvbiI6IjMifQ==",
          "dependencies": [
            "module.vault.data.vsphere_compute_cluster.compute_cluster",
            "module.vault.data.vsphere_datacenter.dc",
            "module.vault.data.vsphere_datastore.ds",
            "module.vault.data.vsphere_network.network",
            "module.vault.data.vsphere_virtual_machine.template"
          ]
        },
        {
          "index_key": 1,
          "schema_version": 3,
          "attributes": {
            "alternate_guest_name": "",
            "annotation": "",
            "boot_delay": 0,
            "boot_retry_delay": 10000,
            "boot_retry_enabled": false,
            "cdrom": [],
            "change_version": "2022-04-26T07:32:14.487129Z",
            "clone": [
              {
                "customize": [
                  {
                    "dns_server_list": [],
                    "dns_suffix_list": [],
                    "ipv4_gateway": "192.168.1.254",
                    "ipv6_gateway": "",
                    "linux_options": [
                      {
                        "domain": "lucasquitman.fr",
                        "host_name": "vault-prod-1",
                        "hw_clock_utc": true,
                        "time_zone": ""
                      }
                    ],
                    "network_interface": [
                      {
                        "dns_domain": "",
                        "dns_server_list": [],
                        "ipv4_address": "192.168.1.219",
                        "ipv4_netmask": 24,
                        "ipv6_address": "",
                        "ipv6_netmask": 0
                      }
                    ],
                    "timeout": 10,
                    "windows_options": [],
                    "windows_sysprep_text": ""
                  }
                ],
                "linked_clone": false,
                "ovf_network_map": {},
                "ovf_storage_map": {},
                "template_uuid": "4214e520-bcef-8154-2344-a88d029b53ee",
                "timeout": 30
              }
            ],
            "cpu_hot_add_enabled": false,
            "cpu_hot_remove_enabled": false,
            "cpu_limit": -1,
            "cpu_performance_counters_enabled": false,
            "cpu_reservation": 0,
            "cpu_share_count": 2000,
            "cpu_share_level": "normal",
            "custom_attributes": {},
            "datacenter_id": null,
            "datastore_cluster_id": null,
            "datastore_id": "datastore-20",
            "default_ip_address": "192.168.1.219",
            "disk": [
              {
                "attach": false,
                "controller_type": "scsi",
                "datastore_id": "datastore-20",
                "device_address": "scsi:0:0",
                "disk_mode": "persistent",
                "disk_sharing": "sharingNone",
                "eagerly_scrub": false,
                "io_limit": -1,
                "io_reservation": 0,
                "io_share_count": 1000,
                "io_share_level": "normal",
                "keep_on_remove": false,
                "key": 2000,
                "label": "disk0",
                "path": "vault-prod-1/vault-prod-1.vmdk",
                "size": 7,
                "storage_policy_id": "",
                "thin_provisioned": true,
                "unit_number": 0,
                "uuid": "6000C29b-9d17-00f5-a78f-01d48ff0abd7",
                "write_through": false
              }
            ],
            "efi_secure_boot_enabled": false,
            "enable_disk_uuid": false,
            "enable_logging": false,
            "ept_rvi_mode": "automatic",
            "extra_config": {},
            "firmware": "bios",
            "folder": "",
            "force_power_off": true,
            "guest_id": "ubuntu64Guest",
            "guest_ip_addresses": [
              "192.168.1.219",
              "fd68:1324:4fa7:7700:250:56ff:fe94:b69e",
              "fe80::250:56ff:fe94:b69e"
            ],
            "hardware_version": 19,
            "host_system_id": "host-14",
            "hv_mode": "hvAuto",
            "id": "42140081-dd4a-964f-7067-03def99d14bd",
            "ide_controller_count": 2,
            "ignored_guest_ips": null,
            "imported": null,
            "latency_sensitivity": "normal",
            "memory": 2048,
            "memory_hot_add_enabled": false,
            "memory_limit": -1,
            "memory_reservation": 0,
            "memory_share_count": 20480,
            "memory_share_level": "normal",
            "migrate_wait_timeout": 30,
            "moid": "vm-3022",
            "name": "vault-prod-1",
            "nested_hv_enabled": false,
            "network_interface": [
              {
                "adapter_type": "vmxnet3",
                "bandwidth_limit": -1,
                "bandwidth_reservation": 0,
                "bandwidth_share_count": 50,
                "bandwidth_share_level": "normal",
                "device_address": "pci:0:7",
                "key": 4000,
                "mac_address": "00:50:56:94:b6:9e",
                "network_id": "network-27",
                "ovf_mapping": "",
                "use_static_mac": false
              }
            ],
            "num_cores_per_socket": 1,
            "num_cpus": 2,
            "ovf_deploy": [],
            "pci_device_id": [],
            "power_state": "on",
            "poweron_timeout": 300,
            "reboot_required": false,
            "replace_trigger": null,
            "resource_pool_id": "resgroup-9",
            "run_tools_scripts_after_power_on": true,
            "run_tools_scripts_after_resume": true,
            "run_tools_scripts_before_guest_reboot": false,
            "run_tools_scripts_before_guest_shutdown": true,
            "run_tools_scripts_before_guest_standby": true,
            "sata_controller_count": 0,
            "scsi_bus_sharing": "noSharing",
            "scsi_controller_count": 1,
            "scsi_type": "lsilogic",
            "shutdown_wait_timeout": 3,
            "storage_policy_id": "",
            "swap_placement_policy": "inherit",
            "sync_time_with_host": false,
            "sync_time_with_host_periodically": false,
            "tags": [],
            "tools_upgrade_policy": "manual",
            "uuid": "42140081-dd4a-964f-7067-03def99d14bd",
            "vapp": [],
            "vapp_transport": [],
            "vbs_enabled": false,
            "vmware_tools_status": "guestToolsRunning",
            "vmx_path": "vault-prod-1/vault-prod-1.vmx",
            "vvtd_enabled": false,
            "wait_for_guest_ip_timeout": 0,
            "wait_for_guest_net_routable": true,
            "wait_for_guest_net_timeout": 5
          },
          "sensitive_attributes": [],
          "private": "eyJzY2hlbWFfdmVyc2lvbiI6IjMifQ==",
          "dependencies": [
            "module.vault.data.vsphere_compute_cluster.compute_cluster",
            "module.vault.data.vsphere_datacenter.dc",
            "module.vault.data.vsphere_datastore.ds",
            "module.vault.data.vsphere_network.network",
            "module.vault.data.vsphere_virtual_machine.template"
          ]
        },
        {
          "index_key": 2,
          "schema_version": 3,
          "attributes": {
            "alternate_guest_name": "",
            "annotation": "",
            "boot_delay": 0,
            "boot_retry_delay": 10000,
            "boot_retry_enabled": false,
            "cdrom": [],
            "change_version": "2022-04-26T07:33:02.621958Z",
            "clone": [
              {
                "customize": [
                  {
                    "dns_server_list": [],
                    "dns_suffix_list": [],
                    "ipv4_gateway": "192.168.1.254",
                    "ipv6_gateway": "",
                    "linux_options": [
                      {
                        "domain": "lucasquitman.fr",
                        "host_name": "vault-prod-2",
                        "hw_clock_utc": true,
                        "time_zone": ""
                      }
                    ],
                    "network_interface": [
                      {
                        "dns_domain": "",
                        "dns_server_list": [],
                        "ipv4_address": "192.168.1.218",
                        "ipv4_netmask": 24,
                        "ipv6_address": "",
                        "ipv6_netmask": 0
                      }
                    ],
                    "timeout": 10,
                    "windows_options": [],
                    "windows_sysprep_text": ""
                  }
                ],
                "linked_clone": false,
                "ovf_network_map": {},
                "ovf_storage_map": {},
                "template_uuid": "4214e520-bcef-8154-2344-a88d029b53ee",
                "timeout": 30
              }
            ],
            "cpu_hot_add_enabled": false,
            "cpu_hot_remove_enabled": false,
            "cpu_limit": -1,
            "cpu_performance_counters_enabled": false,
            "cpu_reservation": 0,
            "cpu_share_count": 2000,
            "cpu_share_level": "normal",
            "custom_attributes": {},
            "datacenter_id": null,
            "datastore_cluster_id": null,
            "datastore_id": "datastore-20",
            "default_ip_address": "192.168.1.218",
            "disk": [
              {
                "attach": false,
                "controller_type": "scsi",
                "datastore_id": "datastore-20",
                "device_address": "scsi:0:0",
                "disk_mode": "persistent",
                "disk_sharing": "sharingNone",
                "eagerly_scrub": false,
                "io_limit": -1,
                "io_reservation": 0,
                "io_share_count": 1000,
                "io_share_level": "normal",
                "keep_on_remove": false,
                "key": 2000,
                "label": "disk0",
                "path": "vault-prod-2/vault-prod-2.vmdk",
                "size": 7,
                "storage_policy_id": "",
                "thin_provisioned": true,
                "unit_number": 0,
                "uuid": "6000C292-5f9b-63b1-aca4-b0956faeda81",
                "write_through": false
              }
            ],
            "efi_secure_boot_enabled": false,
            "enable_disk_uuid": false,
            "enable_logging": false,
            "ept_rvi_mode": "automatic",
            "extra_config": {},
            "firmware": "bios",
            "folder": "",
            "force_power_off": true,
            "guest_id": "ubuntu64Guest",
            "guest_ip_addresses": [
              "192.168.1.218",
              "fd68:1324:4fa7:7700:250:56ff:fe94:e71",
              "fe80::250:56ff:fe94:e71"
            ],
            "hardware_version": 19,
            "host_system_id": "host-17",
            "hv_mode": "hvAuto",
            "id": "421486c0-1038-69ce-cf08-db8d733fb536",
            "ide_controller_count": 2,
            "ignored_guest_ips": null,
            "imported": null,
            "latency_sensitivity": "normal",
            "memory": 2048,
            "memory_hot_add_enabled": false,
            "memory_limit": -1,
            "memory_reservation": 0,
            "memory_share_count": 20480,
            "memory_share_level": "normal",
            "migrate_wait_timeout": 30,
            "moid": "vm-3023",
            "name": "vault-prod-2",
            "nested_hv_enabled": false,
            "network_interface": [
              {
                "adapter_type": "vmxnet3",
                "bandwidth_limit": -1,
                "bandwidth_reservation": 0,
                "bandwidth_share_count": 50,
                "bandwidth_share_level": "normal",
                "device_address": "pci:0:7",
                "key": 4000,
                "mac_address": "00:50:56:94:0e:71",
                "network_id": "network-27",
                "ovf_mapping": "",
                "use_static_mac": false
              }
            ],
            "num_cores_per_socket": 1,
            "num_cpus": 2,
            "ovf_deploy": [],
            "pci_device_id": [],
            "power_state": "on",
            "poweron_timeout": 300,
            "reboot_required": false,
            "replace_trigger": null,
            "resource_pool_id": "resgroup-9",
            "run_tools_scripts_after_power_on": true,
            "run_tools_scripts_after_resume": true,
            "run_tools_scripts_before_guest_reboot": false,
            "run_tools_scripts_before_guest_shutdown": true,
            "run_tools_scripts_before_guest_standby": true,
            "sata_controller_count": 0,
            "scsi_bus_sharing": "noSharing",
            "scsi_controller_count": 1,
            "scsi_type": "lsilogic",
            "shutdown_wait_timeout": 3,
            "storage_policy_id": "",
            "swap_placement_policy": "inherit",
            "sync_time_with_host": false,
            "sync_time_with_host_periodically": false,
            "tags": [],
            "tools_upgrade_policy": "manual",
            "uuid": "421486c0-1038-69ce-cf08-db8d733fb536",
            "vapp": [],
            "vapp_transport": [],
            "vbs_enabled": false,
            "vmware_tools_status": "guestToolsRunning",
            "vmx_path": "vault-prod-2/vault-prod-2.vmx",
            "vvtd_enabled": false,
            "wait_for_guest_ip_timeout": 0,
            "wait_for_guest_net_routable": true,
            "wait_for_guest_net_timeout": 5
          },
          "sensitive_attributes": [],
          "private": "eyJzY2hlbWFfdmVyc2lvbiI6IjMifQ==",
          "dependencies": [
            "module.vault.data.vsphere_compute_cluster.compute_cluster",
            "module.vault.data.vsphere_datacenter.dc",
            "module.vault.data.vsphere_datastore.ds",
            "module.vault.data.vsphere_network.network",
            "module.vault.data.vsphere_virtual_machine.template"
          ]
        }
      ]
    }
  ]
}
