{
  "version": 4,
  "terraform_version": "1.0.5",
  "serial": 1421,
  "lineage": "96c1906a-0fab-e6e8-f7f2-5053d515d373",
  "outputs": {},
  "resources": [
    {
      "mode": "managed",
      "type": "libvirt_cloudinit_disk",
      "name": "master_init",
      "provider": "provider[\"registry.terraform.io/dmacvicar/libvirt\"]",
      "instances": [
        {
          "index_key": 0,
          "schema_version": 0,
          "attributes": {
            "id": "/srv/kvm/cloudinnit_pool_k8/master_init_0;3d1e49f7-c6c8-4a1c-ba66-2b7873af4e9c",
            "meta_data": "",
            "name": "master_init_0",
            "network_config": "",
            "pool": "cloudinit_pool_k8",
            "user_data": "#cloud-config\nusers:\n  - root\nwrite_files:\n  - path:  /etc/netplan/00-installer-config.yaml\n    permissions: '0644'\n    content: |\n      network:\n        ethernets:\n          ens3:\n            addresses:\n            - 192.168.1.20/24\n            gateway4: 192.168.1.254\n            nameservers:\n              addresses:\n              - 192.168.1.254\n              - 1.1.1.1\n              - 8.8.8.8\n              - 8.8.4.4\n              search: []\n        version: 2\n\nruncmd:\n  - sudo rm -rf /etc/netplan/50-cloud-init.yaml\n  - sudo netplan apply\n  - sudo hostname master\n"
          },
          "sensitive_attributes": [],
          "private": "bnVsbA==",
          "dependencies": [
            "libvirt_pool.cloudinit_pool"
          ]
        }
      ]
    },
    {
      "mode": "managed",
      "type": "libvirt_cloudinit_disk",
      "name": "minion_init",
      "provider": "provider[\"registry.terraform.io/dmacvicar/libvirt\"]",
      "instances": [
        {
          "index_key": 0,
          "schema_version": 0,
          "attributes": {
            "id": "/srv/kvm/cloudinnit_pool_k8/minion_init_0.iso;7ca8cc5d-c386-4044-905c-14c4216fab76",
            "meta_data": "",
            "name": "minion_init_0.iso",
            "network_config": "",
            "pool": "cloudinit_pool_k8",
            "user_data": "#cloud-config\nhostname: minion-0\nusers:\n  - root\nwrite_files:\n  - path:  /etc/netplan/00-installer-config.yaml\n    permissions: '0644'\n    content: |\n      network:\n        ethernets:\n          ens3:\n            addresses:\n            - 192.168.1.21/24\n            gateway4: 192.168.1.254\n            nameservers:\n              addresses:\n              - 192.168.1.254\n              - 1.1.1.1\n              - 8.8.8.8\n              search: []\n        version: 2\n\nruncmd:\n  - sudo rm -rf /etc/netplan/50-cloud-init.yaml\n  - sudo hostname minion-0\n  - sudo netplan apply\n"
          },
          "sensitive_attributes": [],
          "private": "bnVsbA==",
          "dependencies": [
            "libvirt_pool.cloudinit_pool"
          ]
        },
        {
          "index_key": 1,
          "schema_version": 0,
          "attributes": {
            "id": "/srv/kvm/cloudinnit_pool_k8/minion_init_1.iso;3deb484f-abfc-49b4-a95b-ab2d99bbcbf2",
            "meta_data": "",
            "name": "minion_init_1.iso",
            "network_config": "",
            "pool": "cloudinit_pool_k8",
            "user_data": "#cloud-config\nhostname: minion-1\nusers:\n  - root\nwrite_files:\n  - path:  /etc/netplan/00-installer-config.yaml\n    permissions: '0644'\n    content: |\n      network:\n        ethernets:\n          ens3:\n            addresses:\n            - 192.168.1.22/24\n            gateway4: 192.168.1.254\n            nameservers:\n              addresses:\n              - 192.168.1.254\n              - 1.1.1.1\n              - 8.8.8.8\n              search: []\n        version: 2\n\nruncmd:\n  - sudo rm -rf /etc/netplan/50-cloud-init.yaml\n  - sudo hostname minion-1\n  - sudo netplan apply\n"
          },
          "sensitive_attributes": [],
          "private": "bnVsbA==",
          "dependencies": [
            "libvirt_pool.cloudinit_pool"
          ]
        },
        {
          "index_key": 2,
          "schema_version": 0,
          "attributes": {
            "id": "/srv/kvm/cloudinnit_pool_k8/minion_init_2.iso;a817685b-eb25-4574-8d45-8a13cc8ca03f",
            "meta_data": "",
            "name": "minion_init_2.iso",
            "network_config": "",
            "pool": "cloudinit_pool_k8",
            "user_data": "#cloud-config\nhostname: minion-2\nusers:\n  - root\nwrite_files:\n  - path:  /etc/netplan/00-installer-config.yaml\n    permissions: '0644'\n    content: |\n      network:\n        ethernets:\n          ens3:\n            addresses:\n            - 192.168.1.23/24\n            gateway4: 192.168.1.254\n            nameservers:\n              addresses:\n              - 192.168.1.254\n              - 1.1.1.1\n              - 8.8.8.8\n              search: []\n        version: 2\n\nruncmd:\n  - sudo rm -rf /etc/netplan/50-cloud-init.yaml\n  - sudo hostname minion-2\n  - sudo netplan apply\n"
          },
          "sensitive_attributes": [],
          "private": "bnVsbA==",
          "dependencies": [
            "libvirt_pool.cloudinit_pool"
          ]
        }
      ]
    },
    {
      "mode": "managed",
      "type": "libvirt_domain",
      "name": "domain_master",
      "provider": "provider[\"registry.terraform.io/dmacvicar/libvirt\"]",
      "instances": [
        {
          "index_key": 0,
          "schema_version": 0,
          "attributes": {
            "arch": "x86_64",
            "autostart": true,
            "boot_device": [],
            "cloudinit": "/srv/kvm/cloudinnit_pool_k8/master_init_0;3d1e49f7-c6c8-4a1c-ba66-2b7873af4e9c",
            "cmdline": null,
            "console": [],
            "coreos_ignition": null,
            "cpu": null,
            "description": "",
            "disk": [
              {
                "block_device": "",
                "file": "",
                "scsi": false,
                "url": "",
                "volume_id": "/srv/kvm/k8_cluster_pool/master_0.raw",
                "wwn": ""
              }
            ],
            "emulator": "/usr/bin/qemu-system-x86_64",
            "filesystem": [],
            "firmware": "",
            "fw_cfg_name": "opt/com.coreos/config",
            "graphics": [],
            "id": "c089b76b-4d66-42cb-a37a-7c40281112a9",
            "initrd": "",
            "kernel": "",
            "machine": "ubuntu",
            "memory": 8124,
            "metadata": null,
            "name": "master-0",
            "network_interface": [
              {
                "addresses": [],
                "bridge": "br0",
                "hostname": "",
                "mac": "52:54:00:E6:DE:31",
                "macvtap": "",
                "network_id": "",
                "network_name": "",
                "passthrough": "",
                "vepa": "",
                "wait_for_lease": false
              }
            ],
            "nvram": [],
            "qemu_agent": true,
            "running": true,
            "timeouts": null,
            "vcpu": 4,
            "video": [],
            "xml": []
          },
          "sensitive_attributes": [],
          "private": "eyJlMmJmYjczMC1lY2FhLTExZTYtOGY4OC0zNDM2M2JjN2M0YzAiOnsiY3JlYXRlIjozMDAwMDAwMDAwMDB9fQ==",
          "dependencies": [
            "libvirt_cloudinit_disk.master_init",
            "libvirt_network.kube_net",
            "libvirt_pool.backing_pool",
            "libvirt_pool.cloudinit_pool",
            "libvirt_pool.k8_cluster_pool",
            "libvirt_volume.master_golden",
            "libvirt_volume.master_volume"
          ]
        }
      ]
    },
    {
      "mode": "managed",
      "type": "libvirt_domain",
      "name": "domain_minion",
      "provider": "provider[\"registry.terraform.io/dmacvicar/libvirt\"]",
      "instances": [
        {
          "index_key": 0,
          "schema_version": 0,
          "attributes": {
            "arch": "x86_64",
            "autostart": true,
            "boot_device": [],
            "cloudinit": "/srv/kvm/cloudinnit_pool_k8/minion_init_0.iso;7ca8cc5d-c386-4044-905c-14c4216fab76",
            "cmdline": null,
            "console": [],
            "coreos_ignition": null,
            "cpu": null,
            "description": "",
            "disk": [
              {
                "block_device": "",
                "file": "",
                "scsi": false,
                "url": "",
                "volume_id": "/srv/kvm/k8_cluster_pool/minion_0.raw",
                "wwn": ""
              }
            ],
            "emulator": "/usr/bin/qemu-system-x86_64",
            "filesystem": [],
            "firmware": "",
            "fw_cfg_name": "opt/com.coreos/config",
            "graphics": [],
            "id": "1788694f-5e57-4203-8e63-3a8b944a2c28",
            "initrd": "",
            "kernel": "",
            "machine": "ubuntu",
            "memory": 8124,
            "metadata": null,
            "name": "minion-0",
            "network_interface": [
              {
                "addresses": [],
                "bridge": "br0",
                "hostname": "",
                "mac": "52:54:00:0E:5D:3F",
                "macvtap": "",
                "network_id": "",
                "network_name": "",
                "passthrough": "",
                "vepa": "",
                "wait_for_lease": false
              }
            ],
            "nvram": [],
            "qemu_agent": true,
            "running": true,
            "timeouts": null,
            "vcpu": 4,
            "video": [],
            "xml": []
          },
          "sensitive_attributes": [],
          "private": "eyJlMmJmYjczMC1lY2FhLTExZTYtOGY4OC0zNDM2M2JjN2M0YzAiOnsiY3JlYXRlIjozMDAwMDAwMDAwMDB9fQ==",
          "dependencies": [
            "libvirt_cloudinit_disk.minion_init",
            "libvirt_network.kube_net",
            "libvirt_pool.backing_pool",
            "libvirt_pool.cloudinit_pool",
            "libvirt_pool.k8_cluster_pool",
            "libvirt_volume.minion_golden",
            "libvirt_volume.minion_volume"
          ]
        },
        {
          "index_key": 1,
          "schema_version": 0,
          "attributes": {
            "arch": "x86_64",
            "autostart": true,
            "boot_device": [],
            "cloudinit": "/srv/kvm/cloudinnit_pool_k8/minion_init_1.iso;3deb484f-abfc-49b4-a95b-ab2d99bbcbf2",
            "cmdline": null,
            "console": [],
            "coreos_ignition": null,
            "cpu": null,
            "description": "",
            "disk": [
              {
                "block_device": "",
                "file": "",
                "scsi": false,
                "url": "",
                "volume_id": "/srv/kvm/k8_cluster_pool/minion_1.raw",
                "wwn": ""
              }
            ],
            "emulator": "/usr/bin/qemu-system-x86_64",
            "filesystem": [],
            "firmware": "",
            "fw_cfg_name": "opt/com.coreos/config",
            "graphics": [],
            "id": "bb8b5c00-ce17-4a99-981f-cdddf9cbc8a8",
            "initrd": "",
            "kernel": "",
            "machine": "ubuntu",
            "memory": 8124,
            "metadata": null,
            "name": "minion-1",
            "network_interface": [
              {
                "addresses": [],
                "bridge": "br0",
                "hostname": "",
                "mac": "52:54:00:52:F6:4F",
                "macvtap": "",
                "network_id": "",
                "network_name": "",
                "passthrough": "",
                "vepa": "",
                "wait_for_lease": false
              }
            ],
            "nvram": [],
            "qemu_agent": true,
            "running": true,
            "timeouts": null,
            "vcpu": 4,
            "video": [],
            "xml": []
          },
          "sensitive_attributes": [],
          "private": "eyJlMmJmYjczMC1lY2FhLTExZTYtOGY4OC0zNDM2M2JjN2M0YzAiOnsiY3JlYXRlIjozMDAwMDAwMDAwMDB9fQ==",
          "dependencies": [
            "libvirt_cloudinit_disk.minion_init",
            "libvirt_network.kube_net",
            "libvirt_pool.backing_pool",
            "libvirt_pool.cloudinit_pool",
            "libvirt_pool.k8_cluster_pool",
            "libvirt_volume.minion_golden",
            "libvirt_volume.minion_volume"
          ]
        },
        {
          "index_key": 2,
          "schema_version": 0,
          "attributes": {
            "arch": "x86_64",
            "autostart": true,
            "boot_device": [],
            "cloudinit": "/srv/kvm/cloudinnit_pool_k8/minion_init_2.iso;a817685b-eb25-4574-8d45-8a13cc8ca03f",
            "cmdline": null,
            "console": [],
            "coreos_ignition": null,
            "cpu": null,
            "description": "",
            "disk": [
              {
                "block_device": "",
                "file": "",
                "scsi": false,
                "url": "",
                "volume_id": "/srv/kvm/k8_cluster_pool/minion_2.raw",
                "wwn": ""
              }
            ],
            "emulator": "/usr/bin/qemu-system-x86_64",
            "filesystem": [],
            "firmware": "",
            "fw_cfg_name": "opt/com.coreos/config",
            "graphics": [],
            "id": "3bfd0ff7-b588-4106-b4a3-fcdeac4ac822",
            "initrd": "",
            "kernel": "",
            "machine": "ubuntu",
            "memory": 8124,
            "metadata": null,
            "name": "minion-2",
            "network_interface": [
              {
                "addresses": [],
                "bridge": "br0",
                "hostname": "",
                "mac": "52:54:00:66:19:77",
                "macvtap": "",
                "network_id": "",
                "network_name": "",
                "passthrough": "",
                "vepa": "",
                "wait_for_lease": false
              }
            ],
            "nvram": [],
            "qemu_agent": true,
            "running": true,
            "timeouts": null,
            "vcpu": 4,
            "video": [],
            "xml": []
          },
          "sensitive_attributes": [],
          "private": "eyJlMmJmYjczMC1lY2FhLTExZTYtOGY4OC0zNDM2M2JjN2M0YzAiOnsiY3JlYXRlIjozMDAwMDAwMDAwMDB9fQ==",
          "dependencies": [
            "libvirt_cloudinit_disk.minion_init",
            "libvirt_network.kube_net",
            "libvirt_pool.backing_pool",
            "libvirt_pool.cloudinit_pool",
            "libvirt_pool.k8_cluster_pool",
            "libvirt_volume.minion_golden",
            "libvirt_volume.minion_volume"
          ]
        }
      ]
    },
    {
      "mode": "managed",
      "type": "libvirt_network",
      "name": "kube_net",
      "provider": "provider[\"registry.terraform.io/dmacvicar/libvirt\"]",
      "instances": [
        {
          "schema_version": 0,
          "attributes": {
            "addresses": null,
            "autostart": true,
            "bridge": "br0",
            "dhcp": [],
            "dns": [],
            "dnsmasq_options": [],
            "domain": null,
            "id": "a077f4f9-dbb4-443f-915c-652a71f0eb93",
            "mode": "bridge",
            "mtu": null,
            "name": "kube_net",
            "routes": [],
            "xml": []
          },
          "sensitive_attributes": [],
          "private": "bnVsbA=="
        }
      ]
    },
    {
      "mode": "managed",
      "type": "libvirt_pool",
      "name": "backing_pool",
      "provider": "provider[\"registry.terraform.io/dmacvicar/libvirt\"]",
      "instances": [
        {
          "schema_version": 0,
          "attributes": {
            "allocation": 1050759503872,
            "available": null,
            "capacity": 2355254460416,
            "id": "332fb309-c189-4afb-9a32-b2ecf8215b40",
            "name": "backing_pool",
            "path": "/srv/kvm/backing-pool",
            "type": "dir",
            "xml": []
          },
          "sensitive_attributes": [],
          "private": "bnVsbA=="
        }
      ]
    },
    {
      "mode": "managed",
      "type": "libvirt_pool",
      "name": "cloudinit_pool",
      "provider": "provider[\"registry.terraform.io/dmacvicar/libvirt\"]",
      "instances": [
        {
          "schema_version": 0,
          "attributes": {
            "allocation": 1050759503872,
            "available": null,
            "capacity": 2355254460416,
            "id": "be1d7044-a63b-4fe3-a9c5-1191b6f33055",
            "name": "cloudinit_pool_k8",
            "path": "/srv/kvm/cloudinnit_pool_k8",
            "type": "dir",
            "xml": []
          },
          "sensitive_attributes": [],
          "private": "bnVsbA=="
        }
      ]
    },
    {
      "mode": "managed",
      "type": "libvirt_pool",
      "name": "k8_cluster_pool",
      "provider": "provider[\"registry.terraform.io/dmacvicar/libvirt\"]",
      "instances": [
        {
          "schema_version": 0,
          "attributes": {
            "allocation": 1050759503872,
            "available": null,
            "capacity": 2355254460416,
            "id": "c1160f4d-8e77-4b6a-a37a-658405798fa7",
            "name": "k8_cluster_pool",
            "path": "/srv/kvm/k8_cluster_pool",
            "type": "dir",
            "xml": []
          },
          "sensitive_attributes": [],
          "private": "bnVsbA=="
        }
      ]
    },
    {
      "mode": "managed",
      "type": "libvirt_volume",
      "name": "master_golden",
      "provider": "provider[\"registry.terraform.io/dmacvicar/libvirt\"]",
      "instances": [
        {
          "schema_version": 0,
          "attributes": {
            "base_volume_id": null,
            "base_volume_name": null,
            "base_volume_pool": null,
            "format": "raw",
            "id": "/srv/kvm/backing-pool/master_golden.raw",
            "name": "master_golden.raw",
            "pool": "backing_pool",
            "size": 42949672960,
            "source": "/srv/packer/output/master/master-base",
            "xml": []
          },
          "sensitive_attributes": [],
          "private": "bnVsbA==",
          "dependencies": [
            "libvirt_pool.backing_pool"
          ]
        }
      ]
    },
    {
      "mode": "managed",
      "type": "libvirt_volume",
      "name": "master_volume",
      "provider": "provider[\"registry.terraform.io/dmacvicar/libvirt\"]",
      "instances": [
        {
          "index_key": 0,
          "schema_version": 0,
          "attributes": {
            "base_volume_id": "/srv/kvm/backing-pool/master_golden.raw",
            "base_volume_name": null,
            "base_volume_pool": null,
            "format": "qcow2",
            "id": "/srv/kvm/k8_cluster_pool/master_0.raw",
            "name": "master_0.raw",
            "pool": "k8_cluster_pool",
            "size": 42949672960,
            "source": null,
            "xml": []
          },
          "sensitive_attributes": [],
          "private": "bnVsbA==",
          "dependencies": [
            "libvirt_pool.backing_pool",
            "libvirt_pool.k8_cluster_pool",
            "libvirt_volume.master_golden"
          ]
        }
      ]
    },
    {
      "mode": "managed",
      "type": "libvirt_volume",
      "name": "minion_golden",
      "provider": "provider[\"registry.terraform.io/dmacvicar/libvirt\"]",
      "instances": [
        {
          "schema_version": 0,
          "attributes": {
            "base_volume_id": null,
            "base_volume_name": null,
            "base_volume_pool": null,
            "format": "raw",
            "id": "/srv/kvm/backing-pool/minion_golden.raw",
            "name": "minion_golden.raw",
            "pool": "backing_pool",
            "size": 42949672960,
            "source": "/srv/packer/output/minion/minion-base",
            "xml": []
          },
          "sensitive_attributes": [],
          "private": "bnVsbA==",
          "dependencies": [
            "libvirt_pool.backing_pool"
          ]
        }
      ]
    },
    {
      "mode": "managed",
      "type": "libvirt_volume",
      "name": "minion_volume",
      "provider": "provider[\"registry.terraform.io/dmacvicar/libvirt\"]",
      "instances": [
        {
          "index_key": 0,
          "schema_version": 0,
          "attributes": {
            "base_volume_id": "/srv/kvm/backing-pool/minion_golden.raw",
            "base_volume_name": null,
            "base_volume_pool": null,
            "format": "qcow2",
            "id": "/srv/kvm/k8_cluster_pool/minion_0.raw",
            "name": "minion_0.raw",
            "pool": "k8_cluster_pool",
            "size": 42949672960,
            "source": null,
            "xml": []
          },
          "sensitive_attributes": [],
          "private": "bnVsbA==",
          "dependencies": [
            "libvirt_pool.backing_pool",
            "libvirt_pool.k8_cluster_pool",
            "libvirt_volume.minion_golden"
          ]
        },
        {
          "index_key": 1,
          "schema_version": 0,
          "attributes": {
            "base_volume_id": "/srv/kvm/backing-pool/minion_golden.raw",
            "base_volume_name": null,
            "base_volume_pool": null,
            "format": "qcow2",
            "id": "/srv/kvm/k8_cluster_pool/minion_1.raw",
            "name": "minion_1.raw",
            "pool": "k8_cluster_pool",
            "size": 42949672960,
            "source": null,
            "xml": []
          },
          "sensitive_attributes": [],
          "private": "bnVsbA==",
          "dependencies": [
            "libvirt_pool.backing_pool",
            "libvirt_pool.k8_cluster_pool",
            "libvirt_volume.minion_golden"
          ]
        },
        {
          "index_key": 2,
          "schema_version": 0,
          "attributes": {
            "base_volume_id": "/srv/kvm/backing-pool/minion_golden.raw",
            "base_volume_name": null,
            "base_volume_pool": null,
            "format": "qcow2",
            "id": "/srv/kvm/k8_cluster_pool/minion_2.raw",
            "name": "minion_2.raw",
            "pool": "k8_cluster_pool",
            "size": 42949672960,
            "source": null,
            "xml": []
          },
          "sensitive_attributes": [],
          "private": "bnVsbA==",
          "dependencies": [
            "libvirt_pool.backing_pool",
            "libvirt_pool.k8_cluster_pool",
            "libvirt_volume.minion_golden"
          ]
        }
      ]
    },
    {
      "mode": "managed",
      "type": "local_file",
      "name": "hosts_cfg",
      "provider": "provider[\"registry.terraform.io/hashicorp/local\"]",
      "instances": [
        {
          "schema_version": 0,
          "attributes": {
            "content": "[minion]\n#cloud-config\nhostname: minion-0\nusers:\n  - root\nwrite_files:\n  - path:  /etc/netplan/00-installer-config.yaml\n    permissions: '0644'\n    content: |\n      network:\n        ethernets:\n          ens3:\n            addresses:\n            - 192.168.1.21/24\n            gateway4: 192.168.1.254\n            nameservers:\n              addresses:\n              - 192.168.1.254\n              - 1.1.1.1\n              - 8.8.8.8\n              search: []\n        version: 2\n\nruncmd:\n  - sudo rm -rf /etc/netplan/50-cloud-init.yaml\n  - sudo hostname minion-0\n  - sudo netplan apply\n\n#cloud-config\nhostname: minion-1\nusers:\n  - root\nwrite_files:\n  - path:  /etc/netplan/00-installer-config.yaml\n    permissions: '0644'\n    content: |\n      network:\n        ethernets:\n          ens3:\n            addresses:\n            - 192.168.1.22/24\n            gateway4: 192.168.1.254\n            nameservers:\n              addresses:\n              - 192.168.1.254\n              - 1.1.1.1\n              - 8.8.8.8\n              search: []\n        version: 2\n\nruncmd:\n  - sudo rm -rf /etc/netplan/50-cloud-init.yaml\n  - sudo hostname minion-1\n  - sudo netplan apply\n\n#cloud-config\nhostname: minion-2\nusers:\n  - root\nwrite_files:\n  - path:  /etc/netplan/00-installer-config.yaml\n    permissions: '0644'\n    content: |\n      network:\n        ethernets:\n          ens3:\n            addresses:\n            - 192.168.1.23/24\n            gateway4: 192.168.1.254\n            nameservers:\n              addresses:\n              - 192.168.1.254\n              - 1.1.1.1\n              - 8.8.8.8\n              search: []\n        version: 2\n\nruncmd:\n  - sudo rm -rf /etc/netplan/50-cloud-init.yaml\n  - sudo hostname minion-2\n  - sudo netplan apply\n\n\n[master]\n#cloud-config\nusers:\n  - root\nwrite_files:\n  - path:  /etc/netplan/00-installer-config.yaml\n    permissions: '0644'\n    content: |\n      network:\n        ethernets:\n          ens3:\n            addresses:\n            - 192.168.1.20/24\n            gateway4: 192.168.1.254\n            nameservers:\n              addresses:\n              - 192.168.1.254\n              - 1.1.1.1\n              - 8.8.8.8\n              - 8.8.4.4\n              search: []\n        version: 2\n\nruncmd:\n  - sudo rm -rf /etc/netplan/50-cloud-init.yaml\n  - sudo netplan apply\n  - sudo hostname master\n\n",
            "content_base64": null,
            "directory_permission": "0777",
            "file_permission": "0777",
            "filename": "/srv/ansible/inventory/hosts.cfg",
            "id": "18bba45ec7b3555dbda264154e8daba838d34727",
            "sensitive_content": null,
            "source": null
          },
          "sensitive_attributes": [],
          "private": "bnVsbA==",
          "dependencies": [
            "libvirt_cloudinit_disk.master_init",
            "libvirt_cloudinit_disk.minion_init",
            "libvirt_pool.cloudinit_pool"
          ]
        }
      ]
    }
  ]
}
